{
  "version": 4,
  "terraform_version": "1.12.6",
  "serial": 7,
  "lineage": "a7005c4a-88ff-75ae-da50-4bd6cb55ce51",
  "outputs": {},
  "resources": [
    {
      "mode": "managed",
      "type": "incus_instance",
      "name": "lxc_cluster",
      "provider": "provider[\"registry.opentofu.org/lxc/incus\"]",
      "instances": [
        {
          "index_key": "client",
          "schema_version": 0,
          "attributes": {
            "architecture": "x86_64",
            "config": {
              "limits.cpu": "1",
              "limits.memory": "512MiB",
              "user.user-data": "#cloud-config\nhostname: client\npreserve_hostname: false\n      \n# Configuración de red estática para systemd-networkd\nnetwork:\n  version: 2\n  ethernets:\n    eth0:\n      dhcp4: false\n      addresses:\n        - 10.10.10.11/24\n      routes:\n        - to: default\n          via: 10.10.10.1\n      nameservers:\n        addresses: [10.10.10.1]\n      \nusers:\n  - name: ansible\n    groups: sudo\n    shell: /bin/bash\n    sudo: ALL=(ALL) NOPASSWD:ALL\n    ssh_authorized_keys:\n      - ssh-ed25519 AAAAC3NzaC1lZDI1NTE5AAAAIMrydHAOV1y3+5EVfTlkjIf0pmBdAsM3E2f49BOZ635k systech-control\n      \npackage_update: true\npackages:\n  - qemu-guest-agent\n  - curl\n  - python3\n      \nruncmd:\n  - systemctl enable --now qemu-guest-agent\n"
            },
            "description": "",
            "device": [
              {
                "name": "eth0",
                "properties": {
                  "ipv4.address": "10.10.10.11",
                  "network": "incusbr0"
                },
                "type": "nic"
              }
            ],
            "ephemeral": false,
            "exec": null,
            "file": [],
            "image": "images:ubuntu/24.04",
            "interfaces": {
              "eth0": {
                "ip_addresses": [
                  {
                    "address": "fe80::1266:6aff:fe81:5ad7",
                    "family": "inet6",
                    "scope": "link"
                  }
                ],
                "name": "eth0",
                "state": "up",
                "type": "broadcast"
              }
            },
            "ipv4_address": null,
            "ipv6_address": null,
            "mac_address": "10:66:6a:81:5a:d7",
            "name": "client",
            "profiles": [
              "default"
            ],
            "project": null,
            "remote": null,
            "running": true,
            "source_file": null,
            "source_instance": null,
            "status": "Running",
            "target": "",
            "type": "container",
            "wait_for": []
          },
          "sensitive_attributes": []
        },
        {
          "index_key": "lb01",
          "schema_version": 0,
          "attributes": {
            "architecture": "x86_64",
            "config": {
              "limits.cpu": "1",
              "limits.memory": "512MiB",
              "user.user-data": "#cloud-config\nhostname: lb01\npreserve_hostname: false\n      \n# Configuración de red estática para systemd-networkd\nnetwork:\n  version: 2\n  ethernets:\n    eth0:\n      dhcp4: false\n      addresses:\n        - 10.10.10.21/24\n      routes:\n        - to: default\n          via: 10.10.10.1\n      nameservers:\n        addresses: [10.10.10.1]\n      \nusers:\n  - name: ansible\n    groups: sudo\n    shell: /bin/bash\n    sudo: ALL=(ALL) NOPASSWD:ALL\n    ssh_authorized_keys:\n      - ssh-ed25519 AAAAC3NzaC1lZDI1NTE5AAAAIMrydHAOV1y3+5EVfTlkjIf0pmBdAsM3E2f49BOZ635k systech-control\n      \npackage_update: true\npackages:\n  - qemu-guest-agent\n  - curl\n  - python3\n      \nruncmd:\n  - systemctl enable --now qemu-guest-agent\n"
            },
            "description": "",
            "device": [
              {
                "name": "eth0",
                "properties": {
                  "ipv4.address": "10.10.10.21",
                  "network": "incusbr0"
                },
                "type": "nic"
              }
            ],
            "ephemeral": false,
            "exec": null,
            "file": [],
            "image": "images:ubuntu/24.04",
            "interfaces": {
              "eth0": {
                "ip_addresses": [
                  {
                    "address": "fe80::1266:6aff:fe53:1ef6",
                    "family": "inet6",
                    "scope": "link"
                  }
                ],
                "name": "eth0",
                "state": "up",
                "type": "broadcast"
              }
            },
            "ipv4_address": null,
            "ipv6_address": null,
            "mac_address": "10:66:6a:53:1e:f6",
            "name": "lb01",
            "profiles": [
              "default"
            ],
            "project": null,
            "remote": null,
            "running": true,
            "source_file": null,
            "source_instance": null,
            "status": "Running",
            "target": "",
            "type": "container",
            "wait_for": []
          },
          "sensitive_attributes": []
        },
        {
          "index_key": "lb02",
          "schema_version": 0,
          "attributes": {
            "architecture": "x86_64",
            "config": {
              "limits.cpu": "1",
              "limits.memory": "512MiB",
              "user.user-data": "#cloud-config\nhostname: lb02\npreserve_hostname: false\n      \n# Configuración de red estática para systemd-networkd\nnetwork:\n  version: 2\n  ethernets:\n    eth0:\n      dhcp4: false\n      addresses:\n        - 10.10.10.22/24\n      routes:\n        - to: default\n          via: 10.10.10.1\n      nameservers:\n        addresses: [10.10.10.1]\n      \nusers:\n  - name: ansible\n    groups: sudo\n    shell: /bin/bash\n    sudo: ALL=(ALL) NOPASSWD:ALL\n    ssh_authorized_keys:\n      - ssh-ed25519 AAAAC3NzaC1lZDI1NTE5AAAAIMrydHAOV1y3+5EVfTlkjIf0pmBdAsM3E2f49BOZ635k systech-control\n      \npackage_update: true\npackages:\n  - qemu-guest-agent\n  - curl\n  - python3\n      \nruncmd:\n  - systemctl enable --now qemu-guest-agent\n"
            },
            "description": "",
            "device": [
              {
                "name": "eth0",
                "properties": {
                  "ipv4.address": "10.10.10.22",
                  "network": "incusbr0"
                },
                "type": "nic"
              }
            ],
            "ephemeral": false,
            "exec": null,
            "file": [],
            "image": "images:ubuntu/24.04",
            "interfaces": {
              "eth0": {
                "ip_addresses": [
                  {
                    "address": "fe80::1266:6aff:fe2a:fd2d",
                    "family": "inet6",
                    "scope": "link"
                  }
                ],
                "name": "eth0",
                "state": "up",
                "type": "broadcast"
              }
            },
            "ipv4_address": null,
            "ipv6_address": null,
            "mac_address": "10:66:6a:2a:fd:2d",
            "name": "lb02",
            "profiles": [
              "default"
            ],
            "project": null,
            "remote": null,
            "running": true,
            "source_file": null,
            "source_instance": null,
            "status": "Running",
            "target": "",
            "type": "container",
            "wait_for": []
          },
          "sensitive_attributes": []
        }
      ]
    }
  ],
  "check_results": null
}

