{
  "version": 4,
  "terraform_version": "1.12.5",
  "serial": 66,
  "lineage": "ae46a54b-4012-aecb-a5b1-5574a32e3c58",
  "outputs": {
    "cluster_ip_addresses": {
      "value": {
        "app01": "10.10.10.31",
        "app02": "10.10.10.32",
        "app03": "10.10.10.33",
        "db01": "10.10.10.40",
        "storage01": "10.10.10.50"
      },
      "type": [
        "object",
        {
          "app01": "string",
          "app02": "string",
          "app03": "string",
          "db01": "string",
          "storage01": "string"
        }
      ]
    },
    "lxc_ip_addresses": {
      "value": {
        "client": "10.10.10.11",
        "lb01": "10.10.10.21",
        "lb02": "10.10.10.22"
      },
      "type": [
        "object",
        {
          "client": "string",
          "lb01": "string",
          "lb02": "string"
        }
      ]
    }
  },
  "resources": [
    {
      "mode": "managed",
      "type": "local_file",
      "name": "ansible_inventory",
      "provider": "provider[\"registry.opentofu.org/hashicorp/local\"]",
      "instances": [
        {
          "schema_version": 0,
          "attributes": {
            "content": "---\nall:\n  children:\n    app_nodes:\n      hosts:\n        app01:\n          ansible_host: 10.10.10.31\n        app02:\n          ansible_host: 10.10.10.32\n        app03:\n          ansible_host: 10.10.10.33\n\n    db_nodes:\n      hosts:\n        db01:\n          ansible_host: 10.10.10.40\n\n    storage_nodes:\n      hosts:\n        storage01:\n          ansible_host: 10.10.10.50\n\n    lb_nodes:\n      hosts:\n        lb01:\n          ansible_host: 10.10.10.21\n        lb02:\n          ansible_host: 10.10.10.22\n\n    client_nodes:\n      hosts:\n        client:\n          ansible_host: 10.10.10.11\n\n  vars:\n    ansible_user: ansible\n    ansible_ssh_private_key_file: ~/.ssh/id_systech_control\n    ansible_python_interpreter: /usr/bin/python3\n",
            "content_base64": null,
            "content_base64sha256": "t0q//Cjc3a4c9lkaUv25aKOAFiQueJA9/gQK0OlQ0Z4=",
            "content_base64sha512": "aknmOIpQ+XE0VLakb3WdMmPLKA+qB9efG6v63nfjVhi1xhfckUfGLsOs2rGeCyipnrjNPliTz1I1iURU144NRw==",
            "content_md5": "d5b7ce9a5070bacd07f440575f680559",
            "content_sha1": "c22b949819d3dcbb4e7614e87bef0c78949e0342",
            "content_sha256": "b74abffc28dcddae1cf6591a52fdb968a38016242e78903dfe040ad0e950d19e",
            "content_sha512": "6a49e6388a50f9713454b6a46f759d3263cb280faa07d79f1babfade77e35618b5c617dc9147c62ec3acdab19e0b28a99eb8cd3e5893cf5235894454d78e0d47",
            "directory_permission": "0777",
            "file_permission": "0777",
            "filename": "./../ansible/inventories/production/hosts.yml",
            "id": "c22b949819d3dcbb4e7614e87bef0c78949e0342",
            "sensitive_content": null,
            "source": null
          },
          "sensitive_attributes": [
            [
              {
                "type": "get_attr",
                "value": "sensitive_content"
              }
            ]
          ],
          "dependencies": [
            "proxmox_download_file.almalinux_cloud_image",
            "proxmox_download_file.lxc_template",
            "proxmox_virtual_environment_container.lxc_cluster",
            "proxmox_virtual_environment_file.cloud_meta_config",
            "proxmox_virtual_environment_file.cloud_user_config",
            "proxmox_virtual_environment_vm.almalinux_cluster"
          ]
        }
      ]
    },
    {
      "mode": "managed",
      "type": "null_resource",
      "name": "lxc_provision_user",
      "provider": "provider[\"registry.opentofu.org/hashicorp/null\"]",
      "instances": [
        {
          "index_key": "client",
          "schema_version": 0,
          "attributes": {
            "id": "5491474495750919532",
            "triggers": {
              "container_id": "111",
              "ssh_key": "ssh-ed25519 AAAAC3NzaC1lZDI1NTE5AAAAIMrydHAOV1y3+5EVfTlkjIf0pmBdAsM3E2f49BOZ635k systech-control"
            }
          },
          "sensitive_attributes": [],
          "dependencies": [
            "proxmox_download_file.lxc_template",
            "proxmox_virtual_environment_container.lxc_cluster"
          ]
        },
        {
          "index_key": "lb01",
          "schema_version": 0,
          "attributes": {
            "id": "723807571502647668",
            "triggers": {
              "container_id": "221",
              "ssh_key": "ssh-ed25519 AAAAC3NzaC1lZDI1NTE5AAAAIMrydHAOV1y3+5EVfTlkjIf0pmBdAsM3E2f49BOZ635k systech-control"
            }
          },
          "sensitive_attributes": [],
          "dependencies": [
            "proxmox_download_file.lxc_template",
            "proxmox_virtual_environment_container.lxc_cluster"
          ]
        },
        {
          "index_key": "lb02",
          "schema_version": 0,
          "attributes": {
            "id": "7783931756914969473",
            "triggers": {
              "container_id": "222",
              "ssh_key": "ssh-ed25519 AAAAC3NzaC1lZDI1NTE5AAAAIMrydHAOV1y3+5EVfTlkjIf0pmBdAsM3E2f49BOZ635k systech-control"
            }
          },
          "sensitive_attributes": [],
          "dependencies": [
            "proxmox_download_file.lxc_template",
            "proxmox_virtual_environment_container.lxc_cluster"
          ]
        }
      ]
    },
    {
      "mode": "managed",
      "type": "proxmox_download_file",
      "name": "almalinux_cloud_image",
      "provider": "provider[\"registry.opentofu.org/bpg/proxmox\"]",
      "instances": [
        {
          "schema_version": 0,
          "attributes": {
            "checksum": null,
            "checksum_algorithm": null,
            "content_type": "iso",
            "datastore_id": "local",
            "decompression_algorithm": null,
            "file_name": "almalinux-9-cloudinit.iso",
            "id": "local:iso/almalinux-9-cloudinit.iso",
            "node_name": "homelab",
            "overwrite": true,
            "overwrite_unmanaged": false,
            "size": 589299712,
            "upload_timeout": 600,
            "url": "https://repo.almalinux.org/almalinux/9/cloud/x86_64/images/AlmaLinux-9-GenericCloud-latest.x86_64.qcow2",
            "verify": true
          },
          "sensitive_attributes": []
        }
      ]
    },
    {
      "mode": "managed",
      "type": "proxmox_download_file",
      "name": "lxc_template",
      "provider": "provider[\"registry.opentofu.org/bpg/proxmox\"]",
      "instances": [
        {
          "schema_version": 0,
          "attributes": {
            "checksum": null,
            "checksum_algorithm": null,
            "content_type": "vztmpl",
            "datastore_id": "local",
            "decompression_algorithm": null,
            "file_name": "ubuntu-24.04-standard_24.04-2_amd64.tar.zst",
            "id": "local:vztmpl/ubuntu-24.04-standard_24.04-2_amd64.tar.zst",
            "node_name": "homelab",
            "overwrite": true,
            "overwrite_unmanaged": false,
            "size": 141589318,
            "upload_timeout": 600,
            "url": "http://download.proxmox.com/images/system/ubuntu-24.04-standard_24.04-2_amd64.tar.zst",
            "verify": true
          },
          "sensitive_attributes": []
        }
      ]
    },
    {
      "mode": "managed",
      "type": "proxmox_virtual_environment_container",
      "name": "lxc_cluster",
      "provider": "provider[\"registry.opentofu.org/bpg/proxmox\"]",
      "instances": [
        {
          "index_key": "client",
          "schema_version": 0,
          "attributes": {
            "clone": [],
            "console": [],
            "cpu": [
              {
                "architecture": "amd64",
                "cores": 1,
                "limit": 0,
                "units": 0
              }
            ],
            "description": "",
            "device_passthrough": [],
            "disk": [
              {
                "acl": false,
                "datastore_id": "local-lvm",
                "mount_options": null,
                "path_in_datastore": "local-lvm:vm-111-disk-0",
                "quota": false,
                "replicate": false,
                "size": 8
              }
            ],
            "environment_variables": null,
            "features": [
              {
                "fuse": false,
                "keyctl": false,
                "mknod": false,
                "mount": null,
                "nesting": true
              }
            ],
            "hook_script_file_id": "",
            "id": "111",
            "idmap": [],
            "initialization": [
              {
                "dns": [],
                "entrypoint": "",
                "hostname": "client",
                "ip_config": [
                  {
                    "ipv4": [
                      {
                        "address": "10.10.10.11/24",
                        "gateway": "10.10.10.1"
                      }
                    ],
                    "ipv6": []
                  }
                ],
                "user_account": [
                  {
                    "keys": [
                      "ssh-ed25519 AAAAC3NzaC1lZDI1NTE5AAAAIMrydHAOV1y3+5EVfTlkjIf0pmBdAsM3E2f49BOZ635k systech-control"
                    ],
                    "password": ""
                  }
                ]
              }
            ],
            "ipv4": {
              "eth0": "10.10.10.11"
            },
            "ipv6": {
              "eth0": "fe80::be24:11ff:fe6b:5ae4"
            },
            "memory": [
              {
                "dedicated": 512,
                "swap": 0
              }
            ],
            "mount_point": [],
            "network_interface": [
              {
                "bridge": "vmbr1",
                "enabled": true,
                "firewall": false,
                "host_managed": false,
                "mac_address": "BC:24:11:6B:5A:E4",
                "mtu": 0,
                "name": "eth0",
                "rate_limit": 0,
                "vlan_id": 0
              }
            ],
            "node_name": "homelab",
            "operating_system": [
              {
                "template_file_id": "local:vztmpl/ubuntu-24.04-standard_24.04-2_amd64.tar.zst",
                "type": "ubuntu"
              }
            ],
            "pool_id": null,
            "protection": false,
            "start_on_boot": true,
            "started": true,
            "startup": [],
            "tags": null,
            "template": false,
            "timeout_clone": 1800,
            "timeout_create": 1800,
            "timeout_delete": 60,
            "timeout_start": 300,
            "timeout_update": 1800,
            "unprivileged": true,
            "vm_id": 111,
            "wait_for_ip": []
          },
          "sensitive_attributes": [
            [
              {
                "type": "get_attr",
                "value": "initialization"
              },
              {
                "type": "index",
                "value": {
                  "value": 0,
                  "type": "number"
                }
              },
              {
                "type": "get_attr",
                "value": "user_account"
              },
              {
                "type": "index",
                "value": {
                  "value": 0,
                  "type": "number"
                }
              },
              {
                "type": "get_attr",
                "value": "password"
              }
            ]
          ],
          "private": "bnVsbA==",
          "dependencies": [
            "proxmox_download_file.lxc_template"
          ]
        },
        {
          "index_key": "lb01",
          "schema_version": 0,
          "attributes": {
            "clone": [],
            "console": [],
            "cpu": [
              {
                "architecture": "amd64",
                "cores": 1,
                "limit": 0,
                "units": 0
              }
            ],
            "description": "",
            "device_passthrough": [],
            "disk": [
              {
                "acl": false,
                "datastore_id": "local-lvm",
                "mount_options": null,
                "path_in_datastore": "local-lvm:vm-221-disk-0",
                "quota": false,
                "replicate": false,
                "size": 8
              }
            ],
            "environment_variables": null,
            "features": [
              {
                "fuse": false,
                "keyctl": false,
                "mknod": false,
                "mount": null,
                "nesting": true
              }
            ],
            "hook_script_file_id": "",
            "id": "221",
            "idmap": [],
            "initialization": [
              {
                "dns": [],
                "entrypoint": "",
                "hostname": "lb01",
                "ip_config": [
                  {
                    "ipv4": [
                      {
                        "address": "10.10.10.21/24",
                        "gateway": "10.10.10.1"
                      }
                    ],
                    "ipv6": []
                  }
                ],
                "user_account": [
                  {
                    "keys": [
                      "ssh-ed25519 AAAAC3NzaC1lZDI1NTE5AAAAIMrydHAOV1y3+5EVfTlkjIf0pmBdAsM3E2f49BOZ635k systech-control"
                    ],
                    "password": ""
                  }
                ]
              }
            ],
            "ipv4": {
              "eth0": "10.10.10.21"
            },
            "ipv6": {
              "eth0": "fe80::be24:11ff:fe1d:f833"
            },
            "memory": [
              {
                "dedicated": 512,
                "swap": 0
              }
            ],
            "mount_point": [],
            "network_interface": [
              {
                "bridge": "vmbr1",
                "enabled": true,
                "firewall": false,
                "host_managed": false,
                "mac_address": "BC:24:11:1D:F8:33",
                "mtu": 0,
                "name": "eth0",
                "rate_limit": 0,
                "vlan_id": 0
              }
            ],
            "node_name": "homelab",
            "operating_system": [
              {
                "template_file_id": "local:vztmpl/ubuntu-24.04-standard_24.04-2_amd64.tar.zst",
                "type": "ubuntu"
              }
            ],
            "pool_id": null,
            "protection": false,
            "start_on_boot": true,
            "started": true,
            "startup": [],
            "tags": null,
            "template": false,
            "timeout_clone": 1800,
            "timeout_create": 1800,
            "timeout_delete": 60,
            "timeout_start": 300,
            "timeout_update": 1800,
            "unprivileged": true,
            "vm_id": 221,
            "wait_for_ip": []
          },
          "sensitive_attributes": [
            [
              {
                "type": "get_attr",
                "value": "initialization"
              },
              {
                "type": "index",
                "value": {
                  "value": 0,
                  "type": "number"
                }
              },
              {
                "type": "get_attr",
                "value": "user_account"
              },
              {
                "type": "index",
                "value": {
                  "value": 0,
                  "type": "number"
                }
              },
              {
                "type": "get_attr",
                "value": "password"
              }
            ]
          ],
          "private": "bnVsbA==",
          "dependencies": [
            "proxmox_download_file.lxc_template"
          ]
        },
        {
          "index_key": "lb02",
          "schema_version": 0,
          "attributes": {
            "clone": [],
            "console": [],
            "cpu": [
              {
                "architecture": "amd64",
                "cores": 1,
                "limit": 0,
                "units": 0
              }
            ],
            "description": "",
            "device_passthrough": [],
            "disk": [
              {
                "acl": false,
                "datastore_id": "local-lvm",
                "mount_options": null,
                "path_in_datastore": "local-lvm:vm-222-disk-0",
                "quota": false,
                "replicate": false,
                "size": 8
              }
            ],
            "environment_variables": null,
            "features": [
              {
                "fuse": false,
                "keyctl": false,
                "mknod": false,
                "mount": null,
                "nesting": true
              }
            ],
            "hook_script_file_id": "",
            "id": "222",
            "idmap": [],
            "initialization": [
              {
                "dns": [],
                "entrypoint": "",
                "hostname": "lb02",
                "ip_config": [
                  {
                    "ipv4": [
                      {
                        "address": "10.10.10.22/24",
                        "gateway": "10.10.10.1"
                      }
                    ],
                    "ipv6": []
                  }
                ],
                "user_account": [
                  {
                    "keys": [
                      "ssh-ed25519 AAAAC3NzaC1lZDI1NTE5AAAAIMrydHAOV1y3+5EVfTlkjIf0pmBdAsM3E2f49BOZ635k systech-control"
                    ],
                    "password": ""
                  }
                ]
              }
            ],
            "ipv4": {
              "eth0": "10.10.10.22"
            },
            "ipv6": {
              "eth0": "fe80::be24:11ff:feeb:1afe"
            },
            "memory": [
              {
                "dedicated": 512,
                "swap": 0
              }
            ],
            "mount_point": [],
            "network_interface": [
              {
                "bridge": "vmbr1",
                "enabled": true,
                "firewall": false,
                "host_managed": false,
                "mac_address": "BC:24:11:EB:1A:FE",
                "mtu": 0,
                "name": "eth0",
                "rate_limit": 0,
                "vlan_id": 0
              }
            ],
            "node_name": "homelab",
            "operating_system": [
              {
                "template_file_id": "local:vztmpl/ubuntu-24.04-standard_24.04-2_amd64.tar.zst",
                "type": "ubuntu"
              }
            ],
            "pool_id": null,
            "protection": false,
            "start_on_boot": true,
            "started": true,
            "startup": [],
            "tags": null,
            "template": false,
            "timeout_clone": 1800,
            "timeout_create": 1800,
            "timeout_delete": 60,
            "timeout_start": 300,
            "timeout_update": 1800,
            "unprivileged": true,
            "vm_id": 222,
            "wait_for_ip": []
          },
          "sensitive_attributes": [
            [
              {
                "type": "get_attr",
                "value": "initialization"
              },
              {
                "type": "index",
                "value": {
                  "value": 0,
                  "type": "number"
                }
              },
              {
                "type": "get_attr",
                "value": "user_account"
              },
              {
                "type": "index",
                "value": {
                  "value": 0,
                  "type": "number"
                }
              },
              {
                "type": "get_attr",
                "value": "password"
              }
            ]
          ],
          "private": "bnVsbA==",
          "dependencies": [
            "proxmox_download_file.lxc_template"
          ]
        }
      ]
    },
    {
      "mode": "managed",
      "type": "proxmox_virtual_environment_file",
      "name": "cloud_meta_config",
      "provider": "provider[\"registry.opentofu.org/bpg/proxmox\"]",
      "instances": [
        {
          "index_key": "app01",
          "schema_version": 0,
          "attributes": {
            "content_type": "snippets",
            "datastore_id": "local",
            "file_mode": null,
            "file_modification_date": null,
            "file_name": "cloud-meta-config-app01.yml",
            "file_size": null,
            "file_tag": null,
            "id": "local:snippets/cloud-meta-config-app01.yml",
            "node_name": "homelab",
            "overwrite": true,
            "source_file": [],
            "source_raw": [
              {
                "data": "instance-id: app01\nlocal-hostname: app01\n",
                "file_name": "cloud-meta-config-app01.yml",
                "resize": 0
              }
            ],
            "timeout_upload": 1800,
            "upload_mode": "stream"
          },
          "sensitive_attributes": [],
          "private": "bnVsbA=="
        },
        {
          "index_key": "app02",
          "schema_version": 0,
          "attributes": {
            "content_type": "snippets",
            "datastore_id": "local",
            "file_mode": null,
            "file_modification_date": null,
            "file_name": "cloud-meta-config-app02.yml",
            "file_size": null,
            "file_tag": null,
            "id": "local:snippets/cloud-meta-config-app02.yml",
            "node_name": "homelab",
            "overwrite": true,
            "source_file": [],
            "source_raw": [
              {
                "data": "instance-id: app02\nlocal-hostname: app02\n",
                "file_name": "cloud-meta-config-app02.yml",
                "resize": 0
              }
            ],
            "timeout_upload": 1800,
            "upload_mode": "stream"
          },
          "sensitive_attributes": [],
          "private": "bnVsbA=="
        },
        {
          "index_key": "app03",
          "schema_version": 0,
          "attributes": {
            "content_type": "snippets",
            "datastore_id": "local",
            "file_mode": null,
            "file_modification_date": null,
            "file_name": "cloud-meta-config-app03.yml",
            "file_size": null,
            "file_tag": null,
            "id": "local:snippets/cloud-meta-config-app03.yml",
            "node_name": "homelab",
            "overwrite": true,
            "source_file": [],
            "source_raw": [
              {
                "data": "instance-id: app03\nlocal-hostname: app03\n",
                "file_name": "cloud-meta-config-app03.yml",
                "resize": 0
              }
            ],
            "timeout_upload": 1800,
            "upload_mode": "stream"
          },
          "sensitive_attributes": [],
          "private": "bnVsbA=="
        },
        {
          "index_key": "db01",
          "schema_version": 0,
          "attributes": {
            "content_type": "snippets",
            "datastore_id": "local",
            "file_mode": null,
            "file_modification_date": null,
            "file_name": "cloud-meta-config-db01.yml",
            "file_size": null,
            "file_tag": null,
            "id": "local:snippets/cloud-meta-config-db01.yml",
            "node_name": "homelab",
            "overwrite": true,
            "source_file": [],
            "source_raw": [
              {
                "data": "instance-id: db01\nlocal-hostname: db01\n",
                "file_name": "cloud-meta-config-db01.yml",
                "resize": 0
              }
            ],
            "timeout_upload": 1800,
            "upload_mode": "stream"
          },
          "sensitive_attributes": [],
          "private": "bnVsbA=="
        },
        {
          "index_key": "storage01",
          "schema_version": 0,
          "attributes": {
            "content_type": "snippets",
            "datastore_id": "local",
            "file_mode": null,
            "file_modification_date": null,
            "file_name": "cloud-meta-config-storage01.yml",
            "file_size": null,
            "file_tag": null,
            "id": "local:snippets/cloud-meta-config-storage01.yml",
            "node_name": "homelab",
            "overwrite": true,
            "source_file": [],
            "source_raw": [
              {
                "data": "instance-id: storage01\nlocal-hostname: storage01\n",
                "file_name": "cloud-meta-config-storage01.yml",
                "resize": 0
              }
            ],
            "timeout_upload": 1800,
            "upload_mode": "stream"
          },
          "sensitive_attributes": [],
          "private": "bnVsbA=="
        }
      ]
    },
    {
      "mode": "managed",
      "type": "proxmox_virtual_environment_file",
      "name": "cloud_user_config",
      "provider": "provider[\"registry.opentofu.org/bpg/proxmox\"]",
      "instances": [
        {
          "index_key": "app01",
          "schema_version": 0,
          "attributes": {
            "content_type": "snippets",
            "datastore_id": "local",
            "file_mode": null,
            "file_modification_date": null,
            "file_name": "cloud-user-config-app01.yml",
            "file_size": null,
            "file_tag": null,
            "id": "local:snippets/cloud-user-config-app01.yml",
            "node_name": "homelab",
            "overwrite": true,
            "source_file": [],
            "source_raw": [
              {
                "data": "#cloud-config\nhostname: app01\npreserve_hostname: false\nusers:\n  - name: ansible\n    groups: wheel\n    shell: /bin/bash\n    sudo: ALL=(ALL) NOPASSWD:ALL\n    ssh_authorized_keys:\n      - ssh-ed25519 AAAAC3NzaC1lZDI1NTE5AAAAIMrydHAOV1y3+5EVfTlkjIf0pmBdAsM3E2f49BOZ635k systech-control\npackage_update: true\npackages:\n  - qemu-guest-agent\n  - curl\n  - python3\nruncmd:\n  - systemctl enable --now qemu-guest-agent\n",
                "file_name": "cloud-user-config-app01.yml",
                "resize": 0
              }
            ],
            "timeout_upload": 1800,
            "upload_mode": "stream"
          },
          "sensitive_attributes": [],
          "private": "bnVsbA=="
        },
        {
          "index_key": "app02",
          "schema_version": 0,
          "attributes": {
            "content_type": "snippets",
            "datastore_id": "local",
            "file_mode": null,
            "file_modification_date": null,
            "file_name": "cloud-user-config-app02.yml",
            "file_size": null,
            "file_tag": null,
            "id": "local:snippets/cloud-user-config-app02.yml",
            "node_name": "homelab",
            "overwrite": true,
            "source_file": [],
            "source_raw": [
              {
                "data": "#cloud-config\nhostname: app02\npreserve_hostname: false\nusers:\n  - name: ansible\n    groups: wheel\n    shell: /bin/bash\n    sudo: ALL=(ALL) NOPASSWD:ALL\n    ssh_authorized_keys:\n      - ssh-ed25519 AAAAC3NzaC1lZDI1NTE5AAAAIMrydHAOV1y3+5EVfTlkjIf0pmBdAsM3E2f49BOZ635k systech-control\npackage_update: true\npackages:\n  - qemu-guest-agent\n  - curl\n  - python3\nruncmd:\n  - systemctl enable --now qemu-guest-agent\n",
                "file_name": "cloud-user-config-app02.yml",
                "resize": 0
              }
            ],
            "timeout_upload": 1800,
            "upload_mode": "stream"
          },
          "sensitive_attributes": [],
          "private": "bnVsbA=="
        },
        {
          "index_key": "app03",
          "schema_version": 0,
          "attributes": {
            "content_type": "snippets",
            "datastore_id": "local",
            "file_mode": null,
            "file_modification_date": null,
            "file_name": "cloud-user-config-app03.yml",
            "file_size": null,
            "file_tag": null,
            "id": "local:snippets/cloud-user-config-app03.yml",
            "node_name": "homelab",
            "overwrite": true,
            "source_file": [],
            "source_raw": [
              {
                "data": "#cloud-config\nhostname: app03\npreserve_hostname: false\nusers:\n  - name: ansible\n    groups: wheel\n    shell: /bin/bash\n    sudo: ALL=(ALL) NOPASSWD:ALL\n    ssh_authorized_keys:\n      - ssh-ed25519 AAAAC3NzaC1lZDI1NTE5AAAAIMrydHAOV1y3+5EVfTlkjIf0pmBdAsM3E2f49BOZ635k systech-control\npackage_update: true\npackages:\n  - qemu-guest-agent\n  - curl\n  - python3\nruncmd:\n  - systemctl enable --now qemu-guest-agent\n",
                "file_name": "cloud-user-config-app03.yml",
                "resize": 0
              }
            ],
            "timeout_upload": 1800,
            "upload_mode": "stream"
          },
          "sensitive_attributes": [],
          "private": "bnVsbA=="
        },
        {
          "index_key": "db01",
          "schema_version": 0,
          "attributes": {
            "content_type": "snippets",
            "datastore_id": "local",
            "file_mode": null,
            "file_modification_date": null,
            "file_name": "cloud-user-config-db01.yml",
            "file_size": null,
            "file_tag": null,
            "id": "local:snippets/cloud-user-config-db01.yml",
            "node_name": "homelab",
            "overwrite": true,
            "source_file": [],
            "source_raw": [
              {
                "data": "#cloud-config\nhostname: db01\npreserve_hostname: false\nusers:\n  - name: ansible\n    groups: wheel\n    shell: /bin/bash\n    sudo: ALL=(ALL) NOPASSWD:ALL\n    ssh_authorized_keys:\n      - ssh-ed25519 AAAAC3NzaC1lZDI1NTE5AAAAIMrydHAOV1y3+5EVfTlkjIf0pmBdAsM3E2f49BOZ635k systech-control\npackage_update: true\npackages:\n  - qemu-guest-agent\n  - curl\n  - python3\nruncmd:\n  - systemctl enable --now qemu-guest-agent\n",
                "file_name": "cloud-user-config-db01.yml",
                "resize": 0
              }
            ],
            "timeout_upload": 1800,
            "upload_mode": "stream"
          },
          "sensitive_attributes": [],
          "private": "bnVsbA=="
        },
        {
          "index_key": "storage01",
          "schema_version": 0,
          "attributes": {
            "content_type": "snippets",
            "datastore_id": "local",
            "file_mode": null,
            "file_modification_date": null,
            "file_name": "cloud-user-config-storage01.yml",
            "file_size": null,
            "file_tag": null,
            "id": "local:snippets/cloud-user-config-storage01.yml",
            "node_name": "homelab",
            "overwrite": true,
            "source_file": [],
            "source_raw": [
              {
                "data": "#cloud-config\nhostname: storage01\npreserve_hostname: false\nusers:\n  - name: ansible\n    groups: wheel\n    shell: /bin/bash\n    sudo: ALL=(ALL) NOPASSWD:ALL\n    ssh_authorized_keys:\n      - ssh-ed25519 AAAAC3NzaC1lZDI1NTE5AAAAIMrydHAOV1y3+5EVfTlkjIf0pmBdAsM3E2f49BOZ635k systech-control\npackage_update: true\npackages:\n  - qemu-guest-agent\n  - curl\n  - python3\nruncmd:\n  - systemctl enable --now qemu-guest-agent\n",
                "file_name": "cloud-user-config-storage01.yml",
                "resize": 0
              }
            ],
            "timeout_upload": 1800,
            "upload_mode": "stream"
          },
          "sensitive_attributes": [],
          "private": "bnVsbA=="
        }
      ]
    },
    {
      "mode": "managed",
      "type": "proxmox_virtual_environment_vm",
      "name": "almalinux_cluster",
      "provider": "provider[\"registry.opentofu.org/bpg/proxmox\"]",
      "instances": [
        {
          "index_key": "app01",
          "schema_version": 0,
          "attributes": {
            "acpi": true,
            "agent": [
              {
                "enabled": true,
                "timeout": "15m",
                "trim": false,
                "type": "virtio",
                "wait_for_ip": []
              }
            ],
            "amd_sev": [],
            "audio_device": [],
            "bios": "seabios",
            "boot_order": [
              "scsi0",
              "net0"
            ],
            "cdrom": [],
            "clone": [],
            "cpu": [
              {
                "affinity": "",
                "architecture": "",
                "cores": 1,
                "flags": null,
                "hotplugged": 0,
                "limit": 0,
                "numa": false,
                "sockets": 1,
                "type": "host",
                "units": 0
              }
            ],
            "delete_unreferenced_disks_on_destroy": true,
            "description": "",
            "disk": [
              {
                "aio": "io_uring",
                "backup": true,
                "cache": "none",
                "datastore_id": "local-lvm",
                "discard": "ignore",
                "file_format": "raw",
                "file_id": "local:iso/almalinux-9-cloudinit.iso",
                "import_from": "",
                "interface": "scsi0",
                "iothread": false,
                "path_in_datastore": "vm-331-disk-0",
                "queues": 0,
                "replicate": true,
                "serial": "",
                "size": 20,
                "speed": [],
                "ssd": false
              }
            ],
            "efi_disk": [],
            "hook_script_file_id": "",
            "hostpci": [],
            "hotplug": null,
            "id": "331",
            "initialization": [
              {
                "datastore_id": "local-lvm",
                "dns": [],
                "file_format": "",
                "interface": "ide2",
                "ip_config": [
                  {
                    "ipv4": [
                      {
                        "address": "10.10.10.31/24",
                        "gateway": "10.10.10.1"
                      }
                    ],
                    "ipv6": []
                  }
                ],
                "meta_data_file_id": "local:snippets/cloud-meta-config-app01.yml",
                "network_data_file_id": "",
                "type": "",
                "upgrade": true,
                "user_account": [],
                "user_data_file_id": "local:snippets/cloud-user-config-app01.yml",
                "vendor_data_file_id": ""
              }
            ],
            "ipv4_addresses": [
              [
                "127.0.0.1"
              ],
              [
                "10.10.10.31"
              ]
            ],
            "ipv6_addresses": [
              [
                "::1"
              ],
              [
                "fe80::be24:11ff:fee4:230d"
              ]
            ],
            "keyboard_layout": "en-us",
            "kvm_arguments": "",
            "mac_addresses": [
              "00:00:00:00:00:00",
              "BC:24:11:E4:23:0D"
            ],
            "machine": "",
            "memory": [
              {
                "dedicated": 1536,
                "floating": 0,
                "hugepages": "",
                "keep_hugepages": false,
                "shared": 0
              }
            ],
            "migrate": false,
            "name": "app01",
            "network_device": [
              {
                "bridge": "vmbr1",
                "disconnected": false,
                "enabled": true,
                "firewall": false,
                "mac_address": "BC:24:11:E4:23:0D",
                "model": "virtio",
                "mtu": 0,
                "queues": 0,
                "rate_limit": 0,
                "trunks": "",
                "vlan_id": 0
              }
            ],
            "network_interface_names": [
              "lo",
              "eth0"
            ],
            "node_name": "homelab",
            "numa": [],
            "on_boot": true,
            "operating_system": [],
            "pool_id": "",
            "protection": false,
            "purge_on_destroy": true,
            "reboot": false,
            "reboot_after_update": true,
            "rng": [],
            "scsi_hardware": "virtio-scsi-pci",
            "serial_device": [],
            "smbios": [],
            "started": true,
            "startup": [],
            "stop_on_destroy": false,
            "tablet_device": true,
            "tags": null,
            "template": false,
            "timeout_clone": 1800,
            "timeout_create": 1800,
            "timeout_migrate": 1800,
            "timeout_move_disk": 1800,
            "timeout_reboot": 1800,
            "timeout_shutdown_vm": 1800,
            "timeout_start_vm": 1800,
            "timeout_stop_vm": 300,
            "tpm_state": [],
            "usb": [],
            "vga": [],
            "virtiofs": [],
            "vm_id": 331,
            "watchdog": []
          },
          "sensitive_attributes": [],
          "private": "bnVsbA==",
          "dependencies": [
            "proxmox_download_file.almalinux_cloud_image",
            "proxmox_virtual_environment_file.cloud_meta_config",
            "proxmox_virtual_environment_file.cloud_user_config"
          ]
        },
        {
          "index_key": "app02",
          "schema_version": 0,
          "attributes": {
            "acpi": true,
            "agent": [
              {
                "enabled": true,
                "timeout": "15m",
                "trim": false,
                "type": "virtio",
                "wait_for_ip": []
              }
            ],
            "amd_sev": [],
            "audio_device": [],
            "bios": "seabios",
            "boot_order": [
              "scsi0",
              "net0"
            ],
            "cdrom": [],
            "clone": [],
            "cpu": [
              {
                "affinity": "",
                "architecture": "",
                "cores": 1,
                "flags": null,
                "hotplugged": 0,
                "limit": 0,
                "numa": false,
                "sockets": 1,
                "type": "host",
                "units": 0
              }
            ],
            "delete_unreferenced_disks_on_destroy": true,
            "description": "",
            "disk": [
              {
                "aio": "io_uring",
                "backup": true,
                "cache": "none",
                "datastore_id": "local-lvm",
                "discard": "ignore",
                "file_format": "raw",
                "file_id": "local:iso/almalinux-9-cloudinit.iso",
                "import_from": "",
                "interface": "scsi0",
                "iothread": false,
                "path_in_datastore": "vm-332-disk-0",
                "queues": 0,
                "replicate": true,
                "serial": "",
                "size": 20,
                "speed": [],
                "ssd": false
              }
            ],
            "efi_disk": [],
            "hook_script_file_id": "",
            "hostpci": [],
            "hotplug": null,
            "id": "332",
            "initialization": [
              {
                "datastore_id": "local-lvm",
                "dns": [],
                "file_format": "",
                "interface": "ide2",
                "ip_config": [
                  {
                    "ipv4": [
                      {
                        "address": "10.10.10.32/24",
                        "gateway": "10.10.10.1"
                      }
                    ],
                    "ipv6": []
                  }
                ],
                "meta_data_file_id": "local:snippets/cloud-meta-config-app02.yml",
                "network_data_file_id": "",
                "type": "",
                "upgrade": true,
                "user_account": [],
                "user_data_file_id": "local:snippets/cloud-user-config-app02.yml",
                "vendor_data_file_id": ""
              }
            ],
            "ipv4_addresses": [
              [
                "127.0.0.1"
              ],
              [
                "10.10.10.32"
              ]
            ],
            "ipv6_addresses": [
              [
                "::1"
              ],
              [
                "fe80::be24:11ff:fe39:803f"
              ]
            ],
            "keyboard_layout": "en-us",
            "kvm_arguments": "",
            "mac_addresses": [
              "00:00:00:00:00:00",
              "BC:24:11:39:80:3F"
            ],
            "machine": "",
            "memory": [
              {
                "dedicated": 1536,
                "floating": 0,
                "hugepages": "",
                "keep_hugepages": false,
                "shared": 0
              }
            ],
            "migrate": false,
            "name": "app02",
            "network_device": [
              {
                "bridge": "vmbr1",
                "disconnected": false,
                "enabled": true,
                "firewall": false,
                "mac_address": "BC:24:11:39:80:3F",
                "model": "virtio",
                "mtu": 0,
                "queues": 0,
                "rate_limit": 0,
                "trunks": "",
                "vlan_id": 0
              }
            ],
            "network_interface_names": [
              "lo",
              "eth0"
            ],
            "node_name": "homelab",
            "numa": [],
            "on_boot": true,
            "operating_system": [],
            "pool_id": "",
            "protection": false,
            "purge_on_destroy": true,
            "reboot": false,
            "reboot_after_update": true,
            "rng": [],
            "scsi_hardware": "virtio-scsi-pci",
            "serial_device": [],
            "smbios": [],
            "started": true,
            "startup": [],
            "stop_on_destroy": false,
            "tablet_device": true,
            "tags": null,
            "template": false,
            "timeout_clone": 1800,
            "timeout_create": 1800,
            "timeout_migrate": 1800,
            "timeout_move_disk": 1800,
            "timeout_reboot": 1800,
            "timeout_shutdown_vm": 1800,
            "timeout_start_vm": 1800,
            "timeout_stop_vm": 300,
            "tpm_state": [],
            "usb": [],
            "vga": [],
            "virtiofs": [],
            "vm_id": 332,
            "watchdog": []
          },
          "sensitive_attributes": [],
          "private": "bnVsbA==",
          "dependencies": [
            "proxmox_download_file.almalinux_cloud_image",
            "proxmox_virtual_environment_file.cloud_meta_config",
            "proxmox_virtual_environment_file.cloud_user_config"
          ]
        },
        {
          "index_key": "app03",
          "schema_version": 0,
          "attributes": {
            "acpi": true,
            "agent": [
              {
                "enabled": true,
                "timeout": "15m",
                "trim": false,
                "type": "virtio",
                "wait_for_ip": []
              }
            ],
            "amd_sev": [],
            "audio_device": [],
            "bios": "seabios",
            "boot_order": [
              "scsi0",
              "net0"
            ],
            "cdrom": [],
            "clone": [],
            "cpu": [
              {
                "affinity": "",
                "architecture": "",
                "cores": 1,
                "flags": null,
                "hotplugged": 0,
                "limit": 0,
                "numa": false,
                "sockets": 1,
                "type": "host",
                "units": 0
              }
            ],
            "delete_unreferenced_disks_on_destroy": true,
            "description": "",
            "disk": [
              {
                "aio": "io_uring",
                "backup": true,
                "cache": "none",
                "datastore_id": "local-lvm",
                "discard": "ignore",
                "file_format": "raw",
                "file_id": "local:iso/almalinux-9-cloudinit.iso",
                "import_from": "",
                "interface": "scsi0",
                "iothread": false,
                "path_in_datastore": "vm-333-disk-0",
                "queues": 0,
                "replicate": true,
                "serial": "",
                "size": 20,
                "speed": [],
                "ssd": false
              }
            ],
            "efi_disk": [],
            "hook_script_file_id": "",
            "hostpci": [],
            "hotplug": null,
            "id": "333",
            "initialization": [
              {
                "datastore_id": "local-lvm",
                "dns": [],
                "file_format": "",
                "interface": "ide2",
                "ip_config": [
                  {
                    "ipv4": [
                      {
                        "address": "10.10.10.33/24",
                        "gateway": "10.10.10.1"
                      }
                    ],
                    "ipv6": []
                  }
                ],
                "meta_data_file_id": "local:snippets/cloud-meta-config-app03.yml",
                "network_data_file_id": "",
                "type": "",
                "upgrade": true,
                "user_account": [],
                "user_data_file_id": "local:snippets/cloud-user-config-app03.yml",
                "vendor_data_file_id": ""
              }
            ],
            "ipv4_addresses": [
              [
                "127.0.0.1"
              ],
              [
                "10.10.10.33"
              ]
            ],
            "ipv6_addresses": [
              [
                "::1"
              ],
              [
                "fe80::be24:11ff:fe0a:4641"
              ]
            ],
            "keyboard_layout": "en-us",
            "kvm_arguments": "",
            "mac_addresses": [
              "00:00:00:00:00:00",
              "BC:24:11:0A:46:41"
            ],
            "machine": "",
            "memory": [
              {
                "dedicated": 1536,
                "floating": 0,
                "hugepages": "",
                "keep_hugepages": false,
                "shared": 0
              }
            ],
            "migrate": false,
            "name": "app03",
            "network_device": [
              {
                "bridge": "vmbr1",
                "disconnected": false,
                "enabled": true,
                "firewall": false,
                "mac_address": "BC:24:11:0A:46:41",
                "model": "virtio",
                "mtu": 0,
                "queues": 0,
                "rate_limit": 0,
                "trunks": "",
                "vlan_id": 0
              }
            ],
            "network_interface_names": [
              "lo",
              "eth0"
            ],
            "node_name": "homelab",
            "numa": [],
            "on_boot": true,
            "operating_system": [],
            "pool_id": "",
            "protection": false,
            "purge_on_destroy": true,
            "reboot": false,
            "reboot_after_update": true,
            "rng": [],
            "scsi_hardware": "virtio-scsi-pci",
            "serial_device": [],
            "smbios": [],
            "started": true,
            "startup": [],
            "stop_on_destroy": false,
            "tablet_device": true,
            "tags": null,
            "template": false,
            "timeout_clone": 1800,
            "timeout_create": 1800,
            "timeout_migrate": 1800,
            "timeout_move_disk": 1800,
            "timeout_reboot": 1800,
            "timeout_shutdown_vm": 1800,
            "timeout_start_vm": 1800,
            "timeout_stop_vm": 300,
            "tpm_state": [],
            "usb": [],
            "vga": [],
            "virtiofs": [],
            "vm_id": 333,
            "watchdog": []
          },
          "sensitive_attributes": [],
          "private": "bnVsbA==",
          "dependencies": [
            "proxmox_download_file.almalinux_cloud_image",
            "proxmox_virtual_environment_file.cloud_meta_config",
            "proxmox_virtual_environment_file.cloud_user_config"
          ]
        },
        {
          "index_key": "db01",
          "schema_version": 0,
          "attributes": {
            "acpi": true,
            "agent": [
              {
                "enabled": true,
                "timeout": "15m",
                "trim": false,
                "type": "virtio",
                "wait_for_ip": []
              }
            ],
            "amd_sev": [],
            "audio_device": [],
            "bios": "seabios",
            "boot_order": [
              "scsi0",
              "net0"
            ],
            "cdrom": [],
            "clone": [],
            "cpu": [
              {
                "affinity": "",
                "architecture": "",
                "cores": 1,
                "flags": null,
                "hotplugged": 0,
                "limit": 0,
                "numa": false,
                "sockets": 1,
                "type": "host",
                "units": 0
              }
            ],
            "delete_unreferenced_disks_on_destroy": true,
            "description": "",
            "disk": [
              {
                "aio": "io_uring",
                "backup": true,
                "cache": "none",
                "datastore_id": "local-lvm",
                "discard": "ignore",
                "file_format": "raw",
                "file_id": "local:iso/almalinux-9-cloudinit.iso",
                "import_from": "",
                "interface": "scsi0",
                "iothread": false,
                "path_in_datastore": "vm-440-disk-0",
                "queues": 0,
                "replicate": true,
                "serial": "",
                "size": 20,
                "speed": [],
                "ssd": false
              }
            ],
            "efi_disk": [],
            "hook_script_file_id": "",
            "hostpci": [],
            "hotplug": null,
            "id": "440",
            "initialization": [
              {
                "datastore_id": "local-lvm",
                "dns": [],
                "file_format": "",
                "interface": "ide2",
                "ip_config": [
                  {
                    "ipv4": [
                      {
                        "address": "10.10.10.40/24",
                        "gateway": "10.10.10.1"
                      }
                    ],
                    "ipv6": []
                  }
                ],
                "meta_data_file_id": "local:snippets/cloud-meta-config-db01.yml",
                "network_data_file_id": "",
                "type": "",
                "upgrade": true,
                "user_account": [],
                "user_data_file_id": "local:snippets/cloud-user-config-db01.yml",
                "vendor_data_file_id": ""
              }
            ],
            "ipv4_addresses": [
              [
                "127.0.0.1"
              ],
              [
                "10.10.10.40"
              ]
            ],
            "ipv6_addresses": [
              [
                "::1"
              ],
              [
                "fe80::be24:11ff:fe27:214"
              ]
            ],
            "keyboard_layout": "en-us",
            "kvm_arguments": "",
            "mac_addresses": [
              "00:00:00:00:00:00",
              "BC:24:11:27:02:14"
            ],
            "machine": "",
            "memory": [
              {
                "dedicated": 1536,
                "floating": 0,
                "hugepages": "",
                "keep_hugepages": false,
                "shared": 0
              }
            ],
            "migrate": false,
            "name": "db01",
            "network_device": [
              {
                "bridge": "vmbr1",
                "disconnected": false,
                "enabled": true,
                "firewall": false,
                "mac_address": "BC:24:11:27:02:14",
                "model": "virtio",
                "mtu": 0,
                "queues": 0,
                "rate_limit": 0,
                "trunks": "",
                "vlan_id": 0
              }
            ],
            "network_interface_names": [
              "lo",
              "eth0"
            ],
            "node_name": "homelab",
            "numa": [],
            "on_boot": true,
            "operating_system": [],
            "pool_id": "",
            "protection": false,
            "purge_on_destroy": true,
            "reboot": false,
            "reboot_after_update": true,
            "rng": [],
            "scsi_hardware": "virtio-scsi-pci",
            "serial_device": [],
            "smbios": [],
            "started": true,
            "startup": [],
            "stop_on_destroy": false,
            "tablet_device": true,
            "tags": null,
            "template": false,
            "timeout_clone": 1800,
            "timeout_create": 1800,
            "timeout_migrate": 1800,
            "timeout_move_disk": 1800,
            "timeout_reboot": 1800,
            "timeout_shutdown_vm": 1800,
            "timeout_start_vm": 1800,
            "timeout_stop_vm": 300,
            "tpm_state": [],
            "usb": [],
            "vga": [],
            "virtiofs": [],
            "vm_id": 440,
            "watchdog": []
          },
          "sensitive_attributes": [],
          "private": "bnVsbA==",
          "dependencies": [
            "proxmox_download_file.almalinux_cloud_image",
            "proxmox_virtual_environment_file.cloud_meta_config",
            "proxmox_virtual_environment_file.cloud_user_config"
          ]
        },
        {
          "index_key": "storage01",
          "schema_version": 0,
          "attributes": {
            "acpi": true,
            "agent": [
              {
                "enabled": true,
                "timeout": "15m",
                "trim": false,
                "type": "virtio",
                "wait_for_ip": []
              }
            ],
            "amd_sev": [],
            "audio_device": [],
            "bios": "seabios",
            "boot_order": [
              "scsi0",
              "net0"
            ],
            "cdrom": [],
            "clone": [],
            "cpu": [
              {
                "affinity": "",
                "architecture": "",
                "cores": 1,
                "flags": null,
                "hotplugged": 0,
                "limit": 0,
                "numa": false,
                "sockets": 1,
                "type": "host",
                "units": 0
              }
            ],
            "delete_unreferenced_disks_on_destroy": true,
            "description": "",
            "disk": [
              {
                "aio": "io_uring",
                "backup": true,
                "cache": "none",
                "datastore_id": "local-lvm",
                "discard": "ignore",
                "file_format": "raw",
                "file_id": "local:iso/almalinux-9-cloudinit.iso",
                "import_from": "",
                "interface": "scsi0",
                "iothread": false,
                "path_in_datastore": "vm-550-disk-4",
                "queues": 0,
                "replicate": true,
                "serial": "",
                "size": 20,
                "speed": [],
                "ssd": false
              },
              {
                "aio": "io_uring",
                "backup": true,
                "cache": "none",
                "datastore_id": "local-lvm",
                "discard": "ignore",
                "file_format": "raw",
                "file_id": "",
                "import_from": "",
                "interface": "scsi1",
                "iothread": false,
                "path_in_datastore": "vm-550-disk-0",
                "queues": 0,
                "replicate": true,
                "serial": "",
                "size": 1,
                "speed": [],
                "ssd": false
              },
              {
                "aio": "io_uring",
                "backup": true,
                "cache": "none",
                "datastore_id": "local-lvm",
                "discard": "ignore",
                "file_format": "raw",
                "file_id": "",
                "import_from": "",
                "interface": "scsi2",
                "iothread": false,
                "path_in_datastore": "vm-550-disk-1",
                "queues": 0,
                "replicate": true,
                "serial": "",
                "size": 1,
                "speed": [],
                "ssd": false
              },
              {
                "aio": "io_uring",
                "backup": true,
                "cache": "none",
                "datastore_id": "local-lvm",
                "discard": "ignore",
                "file_format": "raw",
                "file_id": "",
                "import_from": "",
                "interface": "scsi3",
                "iothread": false,
                "path_in_datastore": "vm-550-disk-2",
                "queues": 0,
                "replicate": true,
                "serial": "",
                "size": 1,
                "speed": [],
                "ssd": false
              },
              {
                "aio": "io_uring",
                "backup": true,
                "cache": "none",
                "datastore_id": "local-lvm",
                "discard": "ignore",
                "file_format": "raw",
                "file_id": "",
                "import_from": "",
                "interface": "scsi4",
                "iothread": false,
                "path_in_datastore": "vm-550-disk-3",
                "queues": 0,
                "replicate": true,
                "serial": "",
                "size": 1,
                "speed": [],
                "ssd": false
              }
            ],
            "efi_disk": [],
            "hook_script_file_id": "",
            "hostpci": [],
            "hotplug": null,
            "id": "550",
            "initialization": [
              {
                "datastore_id": "local-lvm",
                "dns": [],
                "file_format": "",
                "interface": "ide2",
                "ip_config": [
                  {
                    "ipv4": [
                      {
                        "address": "10.10.10.50/24",
                        "gateway": "10.10.10.1"
                      }
                    ],
                    "ipv6": []
                  }
                ],
                "meta_data_file_id": "local:snippets/cloud-meta-config-storage01.yml",
                "network_data_file_id": "",
                "type": "",
                "upgrade": true,
                "user_account": [],
                "user_data_file_id": "local:snippets/cloud-user-config-storage01.yml",
                "vendor_data_file_id": ""
              }
            ],
            "ipv4_addresses": [
              [
                "127.0.0.1"
              ],
              [
                "10.10.10.50"
              ]
            ],
            "ipv6_addresses": [
              [
                "::1"
              ],
              [
                "fe80::be24:11ff:fea1:acef"
              ]
            ],
            "keyboard_layout": "en-us",
            "kvm_arguments": "",
            "mac_addresses": [
              "00:00:00:00:00:00",
              "BC:24:11:A1:AC:EF"
            ],
            "machine": "",
            "memory": [
              {
                "dedicated": 1536,
                "floating": 0,
                "hugepages": "",
                "keep_hugepages": false,
                "shared": 0
              }
            ],
            "migrate": false,
            "name": "storage01",
            "network_device": [
              {
                "bridge": "vmbr1",
                "disconnected": false,
                "enabled": true,
                "firewall": false,
                "mac_address": "BC:24:11:A1:AC:EF",
                "model": "virtio",
                "mtu": 0,
                "queues": 0,
                "rate_limit": 0,
                "trunks": "",
                "vlan_id": 0
              }
            ],
            "network_interface_names": [
              "lo",
              "eth0"
            ],
            "node_name": "homelab",
            "numa": [],
            "on_boot": true,
            "operating_system": [],
            "pool_id": "",
            "protection": false,
            "purge_on_destroy": true,
            "reboot": false,
            "reboot_after_update": true,
            "rng": [],
            "scsi_hardware": "virtio-scsi-pci",
            "serial_device": [],
            "smbios": [],
            "started": true,
            "startup": [],
            "stop_on_destroy": false,
            "tablet_device": true,
            "tags": null,
            "template": false,
            "timeout_clone": 1800,
            "timeout_create": 1800,
            "timeout_migrate": 1800,
            "timeout_move_disk": 1800,
            "timeout_reboot": 1800,
            "timeout_shutdown_vm": 1800,
            "timeout_start_vm": 1800,
            "timeout_stop_vm": 300,
            "tpm_state": [],
            "usb": [],
            "vga": [],
            "virtiofs": [],
            "vm_id": 550,
            "watchdog": []
          },
          "sensitive_attributes": [],
          "private": "bnVsbA==",
          "dependencies": [
            "proxmox_download_file.almalinux_cloud_image",
            "proxmox_virtual_environment_file.cloud_meta_config",
            "proxmox_virtual_environment_file.cloud_user_config"
          ]
        }
      ]
    }
  ],
  "check_results": null
}

