{
  "version": 4,
  "terraform_version": "1.12.5",
  "serial": 18,
  "lineage": "ae46a54b-4012-aecb-a5b1-5574a32e3c58",
  "outputs": {
    "cluster_ip_addresses": {
      "value": {
        "server01": "10.10.10.21",
        "server02": "10.10.10.22",
        "server03": "10.10.10.23"
      },
      "type": [
        "object",
        {
          "server01": "string",
          "server02": "string",
          "server03": "string"
        }
      ]
    }
  },
  "resources": [
    {
      "mode": "managed",
      "type": "proxmox_virtual_environment_file",
      "name": "cloud_user_config",
      "provider": "provider[\"registry.opentofu.org/bpg/proxmox\"]",
      "instances": [
        {
          "index_key": "server01",
          "schema_version": 0,
          "attributes": {
            "content_type": "snippets",
            "datastore_id": "local",
            "file_mode": null,
            "file_modification_date": null,
            "file_name": "cloud-user-config-server01.yml",
            "file_size": null,
            "file_tag": null,
            "id": "local:snippets/cloud-user-config-server01.yml",
            "node_name": "homelab",
            "overwrite": true,
            "source_file": [],
            "source_raw": [
              {
                "data": "#cloud-config\nhostname: server01\npreserve_hostname: false\nusers:\n  - name: ansible\n    groups: wheel\n    shell: /bin/bash\n    sudo: ALL=(ALL) NOPASSWD:ALL\n    ssh_authorized_keys:\n      - ssh-ed25519 AAAAC3NzaC1lZDI1NTE5AAAAIN+gsGnVlOOJXtW6Wz87hc1CPhOz++T2lCoB6F3Eksbg jensyg@lxd-fleet\npackage_update: true\npackages:\n  - qemu-guest-agent\n  - curl\n  - python3\nruncmd:\n  - systemctl enable --now qemu-guest-agent\n",
                "file_name": "cloud-user-config-server01.yml",
                "resize": 0
              }
            ],
            "timeout_upload": 1800,
            "upload_mode": "stream"
          },
          "sensitive_attributes": [],
          "private": "bnVsbA=="
        },
        {
          "index_key": "server02",
          "schema_version": 0,
          "attributes": {
            "content_type": "snippets",
            "datastore_id": "local",
            "file_mode": null,
            "file_modification_date": null,
            "file_name": "cloud-user-config-server02.yml",
            "file_size": null,
            "file_tag": null,
            "id": "local:snippets/cloud-user-config-server02.yml",
            "node_name": "homelab",
            "overwrite": true,
            "source_file": [],
            "source_raw": [
              {
                "data": "#cloud-config\nhostname: server02\npreserve_hostname: false\nusers:\n  - name: ansible\n    groups: wheel\n    shell: /bin/bash\n    sudo: ALL=(ALL) NOPASSWD:ALL\n    ssh_authorized_keys:\n      - ssh-ed25519 AAAAC3NzaC1lZDI1NTE5AAAAIN+gsGnVlOOJXtW6Wz87hc1CPhOz++T2lCoB6F3Eksbg jensyg@lxd-fleet\npackage_update: true\npackages:\n  - qemu-guest-agent\n  - curl\n  - python3\nruncmd:\n  - systemctl enable --now qemu-guest-agent\n",
                "file_name": "cloud-user-config-server02.yml",
                "resize": 0
              }
            ],
            "timeout_upload": 1800,
            "upload_mode": "stream"
          },
          "sensitive_attributes": [],
          "private": "bnVsbA=="
        },
        {
          "index_key": "server03",
          "schema_version": 0,
          "attributes": {
            "content_type": "snippets",
            "datastore_id": "local",
            "file_mode": null,
            "file_modification_date": null,
            "file_name": "cloud-user-config-server03.yml",
            "file_size": null,
            "file_tag": null,
            "id": "local:snippets/cloud-user-config-server03.yml",
            "node_name": "homelab",
            "overwrite": true,
            "source_file": [],
            "source_raw": [
              {
                "data": "#cloud-config\nhostname: server03\npreserve_hostname: false\nusers:\n  - name: ansible\n    groups: wheel\n    shell: /bin/bash\n    sudo: ALL=(ALL) NOPASSWD:ALL\n    ssh_authorized_keys:\n      - ssh-ed25519 AAAAC3NzaC1lZDI1NTE5AAAAIN+gsGnVlOOJXtW6Wz87hc1CPhOz++T2lCoB6F3Eksbg jensyg@lxd-fleet\npackage_update: true\npackages:\n  - qemu-guest-agent\n  - curl\n  - python3\nruncmd:\n  - systemctl enable --now qemu-guest-agent\n",
                "file_name": "cloud-user-config-server03.yml",
                "resize": 0
              }
            ],
            "timeout_upload": 1800,
            "upload_mode": "stream"
          },
          "sensitive_attributes": [],
          "private": "bnVsbA=="
        }
      ]
    }
  ],
  "check_results": null
}

