{
  "version": 4,
  "terraform_version": "1.12.5",
  "serial": 40,
  "lineage": "ae46a54b-4012-aecb-a5b1-5574a32e3c58",
  "outputs": {
    "cluster_ip_addresses": {
      "value": {
        "server01": "10.10.10.21",
        "server02": "10.10.10.22",
        "server03": "10.10.10.23"
      },
      "type": [
        "object",
        {
          "server01": "string",
          "server02": "string",
          "server03": "string"
        }
      ]
    },
    "lxc_ip_addresses": {
      "value": {
        "lxc01": "10.10.10.31",
        "lxc02": "10.10.10.32"
      },
      "type": [
        "object",
        {
          "lxc01": "string",
          "lxc02": "string"
        }
      ]
    }
  },
  "resources": [
    {
      "mode": "managed",
      "type": "local_file",
      "name": "ansible_inventory",
      "provider": "provider[\"registry.opentofu.org/hashicorp/local\"]",
      "instances": [
        {
          "schema_version": 0,
          "attributes": {
            "content": "all:\n  vars:\n    ansible_user: ansible\n    ansible_ssh_private_key_file: /workspace/.ssh/id_systech_control\n    ansible_ssh_common_args: '-o StrictHostKeyChecking=no -o UserKnownHostsFile=/dev/null'\n\n  children:\n    lb_nodes:\n      hosts:\n        lxc01:\n          ansible_host: 10.10.10.31\n        lxc02:\n          ansible_host: 10.10.10.32\n\n    ha_nodes:\n      hosts:\n        server01:\n          ansible_host: 10.10.10.21\n        server02:\n          ansible_host: 10.10.10.22\n        server03:\n          ansible_host: 10.10.10.23\n",
            "content_base64": null,
            "content_base64sha256": "ey0/LhbadDlVwsSi7VUA4BOI5GI9wWRfqtegtc6oG4k=",
            "content_base64sha512": "T4TEcdwKzXSeOPxcGZNgXfRRtdIuG1fAYhl1tUittXo+hm/nl6HRRB8sFWfmV3gAArAz9ASi1x5VC79xWkLRPQ==",
            "content_md5": "6a822788f72a0ecb53b95ab653bcec41",
            "content_sha1": "2760c5dc8308c3801ee75d40fcc0484ca96bff41",
            "content_sha256": "7b2d3f2e16da743955c2c4a2ed5500e01388e4623dc1645faad7a0b5cea81b89",
            "content_sha512": "4f84c471dc0acd749e38fc5c1993605df451b5d22e1b57c0621975b548adb57a3e866fe797a1d1441f2c1567e657780002b033f404a2d71e550bbf715a42d13d",
            "directory_permission": "0777",
            "file_permission": "0777",
            "filename": "./../ansible/inventories/production/hosts.yml",
            "id": "2760c5dc8308c3801ee75d40fcc0484ca96bff41",
            "sensitive_content": null,
            "source": null
          },
          "sensitive_attributes": [
            [
              {
                "type": "get_attr",
                "value": "content"
              }
            ],
            [
              {
                "type": "get_attr",
                "value": "sensitive_content"
              }
            ]
          ],
          "dependencies": [
            "proxmox_download_file.almalinux_cloud_image",
            "proxmox_download_file.lxc_template",
            "proxmox_virtual_environment_container.lxc_cluster",
            "proxmox_virtual_environment_file.cloud_meta_config",
            "proxmox_virtual_environment_file.cloud_user_config",
            "proxmox_virtual_environment_vm.almalinux_cluster"
          ]
        }
      ]
    },
    {
      "mode": "managed",
      "type": "null_resource",
      "name": "lxc_provision_user",
      "provider": "provider[\"registry.opentofu.org/hashicorp/null\"]",
      "instances": [
        {
          "index_key": "lxc01",
          "schema_version": 0,
          "attributes": {
            "id": "8450037884563587214",
            "triggers": {
              "container_id": "301",
              "ssh_key": "ssh-ed25519 AAAAC3NzaC1lZDI1NTE5AAAAIMrydHAOV1y3+5EVfTlkjIf0pmBdAsM3E2f49BOZ635k systech-control"
            }
          },
          "sensitive_attributes": [],
          "dependencies": [
            "proxmox_download_file.lxc_template",
            "proxmox_virtual_environment_container.lxc_cluster"
          ]
        },
        {
          "index_key": "lxc02",
          "schema_version": 0,
          "attributes": {
            "id": "7754834402305603788",
            "triggers": {
              "container_id": "302",
              "ssh_key": "ssh-ed25519 AAAAC3NzaC1lZDI1NTE5AAAAIMrydHAOV1y3+5EVfTlkjIf0pmBdAsM3E2f49BOZ635k systech-control"
            }
          },
          "sensitive_attributes": [],
          "dependencies": [
            "proxmox_download_file.lxc_template",
            "proxmox_virtual_environment_container.lxc_cluster"
          ]
        }
      ]
    },
    {
      "mode": "managed",
      "type": "proxmox_download_file",
      "name": "almalinux_cloud_image",
      "provider": "provider[\"registry.opentofu.org/bpg/proxmox\"]",
      "instances": [
        {
          "schema_version": 0,
          "attributes": {
            "checksum": null,
            "checksum_algorithm": null,
            "content_type": "iso",
            "datastore_id": "local",
            "decompression_algorithm": null,
            "file_name": "almalinux-9-cloudinit.iso",
            "id": "local:iso/almalinux-9-cloudinit.iso",
            "node_name": "homelab",
            "overwrite": true,
            "overwrite_unmanaged": false,
            "size": 589299712,
            "upload_timeout": 600,
            "url": "https://repo.almalinux.org/almalinux/9/cloud/x86_64/images/AlmaLinux-9-GenericCloud-latest.x86_64.qcow2",
            "verify": true
          },
          "sensitive_attributes": [],
          "private": "eyJvcmlnaW5hbF9zdGF0ZV9zaXplIjoiTlRnNU1qazVOekV5IiwidXJsX3NpemUiOiJOVGc1TWprNU56RXkifQ=="
        }
      ]
    },
    {
      "mode": "managed",
      "type": "proxmox_download_file",
      "name": "lxc_template",
      "provider": "provider[\"registry.opentofu.org/bpg/proxmox\"]",
      "instances": [
        {
          "schema_version": 0,
          "attributes": {
            "checksum": null,
            "checksum_algorithm": null,
            "content_type": "vztmpl",
            "datastore_id": "local",
            "decompression_algorithm": null,
            "file_name": "ubuntu-24.04-standard_24.04-2_amd64.tar.zst",
            "id": "local:vztmpl/ubuntu-24.04-standard_24.04-2_amd64.tar.zst",
            "node_name": "homelab",
            "overwrite": true,
            "overwrite_unmanaged": false,
            "size": 141589318,
            "upload_timeout": 600,
            "url": "http://download.proxmox.com/images/system/ubuntu-24.04-standard_24.04-2_amd64.tar.zst",
            "verify": true
          },
          "sensitive_attributes": [],
          "private": "eyJvcmlnaW5hbF9zdGF0ZV9zaXplIjoiTVRReE5UZzVNekU0IiwidXJsX3NpemUiOiJNVFF4TlRnNU16RTQifQ=="
        }
      ]
    },
    {
      "mode": "managed",
      "type": "proxmox_virtual_environment_container",
      "name": "lxc_cluster",
      "provider": "provider[\"registry.opentofu.org/bpg/proxmox\"]",
      "instances": [
        {
          "index_key": "lxc01",
          "schema_version": 0,
          "attributes": {
            "clone": [],
            "console": [],
            "cpu": [
              {
                "architecture": "amd64",
                "cores": 1,
                "limit": 0,
                "units": 0
              }
            ],
            "description": "",
            "device_passthrough": [],
            "disk": [
              {
                "acl": false,
                "datastore_id": "local-lvm",
                "mount_options": [],
                "path_in_datastore": "local-lvm:vm-301-disk-0",
                "quota": false,
                "replicate": false,
                "size": 8
              }
            ],
            "environment_variables": {},
            "features": [
              {
                "fuse": false,
                "keyctl": false,
                "mknod": false,
                "mount": [],
                "nesting": true
              }
            ],
            "hook_script_file_id": "",
            "id": "301",
            "idmap": [],
            "initialization": [
              {
                "dns": [],
                "entrypoint": "",
                "hostname": "lxc01",
                "ip_config": [
                  {
                    "ipv4": [
                      {
                        "address": "10.10.10.31/24",
                        "gateway": "10.10.10.1"
                      }
                    ],
                    "ipv6": []
                  }
                ],
                "user_account": [
                  {
                    "keys": [
                      "ssh-ed25519 AAAAC3NzaC1lZDI1NTE5AAAAIMrydHAOV1y3+5EVfTlkjIf0pmBdAsM3E2f49BOZ635k systech-control"
                    ],
                    "password": ""
                  }
                ]
              }
            ],
            "ipv4": {
              "eth0": "10.10.10.31"
            },
            "ipv6": {
              "eth0": "fe80::be24:11ff:fe12:7b71"
            },
            "memory": [
              {
                "dedicated": 512,
                "swap": 0
              }
            ],
            "mount_point": [],
            "network_interface": [
              {
                "bridge": "vmbr1",
                "enabled": true,
                "firewall": false,
                "host_managed": false,
                "mac_address": "BC:24:11:12:7B:71",
                "mtu": 0,
                "name": "eth0",
                "rate_limit": 0,
                "vlan_id": 0
              }
            ],
            "node_name": "homelab",
            "operating_system": [
              {
                "template_file_id": "local:vztmpl/ubuntu-24.04-standard_24.04-2_amd64.tar.zst",
                "type": "ubuntu"
              }
            ],
            "pool_id": null,
            "protection": false,
            "start_on_boot": true,
            "started": true,
            "startup": [],
            "tags": [],
            "template": false,
            "timeout_clone": 1800,
            "timeout_create": 1800,
            "timeout_delete": 60,
            "timeout_start": 300,
            "timeout_update": 1800,
            "unprivileged": true,
            "vm_id": 301,
            "wait_for_ip": []
          },
          "sensitive_attributes": [
            [
              {
                "type": "get_attr",
                "value": "initialization"
              },
              {
                "type": "index",
                "value": {
                  "value": 0,
                  "type": "number"
                }
              },
              {
                "type": "get_attr",
                "value": "user_account"
              },
              {
                "type": "index",
                "value": {
                  "value": 0,
                  "type": "number"
                }
              },
              {
                "type": "get_attr",
                "value": "password"
              }
            ]
          ],
          "private": "bnVsbA==",
          "dependencies": [
            "proxmox_download_file.lxc_template"
          ]
        },
        {
          "index_key": "lxc02",
          "schema_version": 0,
          "attributes": {
            "clone": [],
            "console": [],
            "cpu": [
              {
                "architecture": "amd64",
                "cores": 1,
                "limit": 0,
                "units": 0
              }
            ],
            "description": "",
            "device_passthrough": [],
            "disk": [
              {
                "acl": false,
                "datastore_id": "local-lvm",
                "mount_options": [],
                "path_in_datastore": "local-lvm:vm-302-disk-0",
                "quota": false,
                "replicate": false,
                "size": 8
              }
            ],
            "environment_variables": {},
            "features": [
              {
                "fuse": false,
                "keyctl": false,
                "mknod": false,
                "mount": [],
                "nesting": true
              }
            ],
            "hook_script_file_id": "",
            "id": "302",
            "idmap": [],
            "initialization": [
              {
                "dns": [],
                "entrypoint": "",
                "hostname": "lxc02",
                "ip_config": [
                  {
                    "ipv4": [
                      {
                        "address": "10.10.10.32/24",
                        "gateway": "10.10.10.1"
                      }
                    ],
                    "ipv6": []
                  }
                ],
                "user_account": [
                  {
                    "keys": [
                      "ssh-ed25519 AAAAC3NzaC1lZDI1NTE5AAAAIMrydHAOV1y3+5EVfTlkjIf0pmBdAsM3E2f49BOZ635k systech-control"
                    ],
                    "password": ""
                  }
                ]
              }
            ],
            "ipv4": {
              "eth0": "10.10.10.32"
            },
            "ipv6": {
              "eth0": "fe80::be24:11ff:fe35:f8e7"
            },
            "memory": [
              {
                "dedicated": 512,
                "swap": 0
              }
            ],
            "mount_point": [],
            "network_interface": [
              {
                "bridge": "vmbr1",
                "enabled": true,
                "firewall": false,
                "host_managed": false,
                "mac_address": "BC:24:11:35:F8:E7",
                "mtu": 0,
                "name": "eth0",
                "rate_limit": 0,
                "vlan_id": 0
              }
            ],
            "node_name": "homelab",
            "operating_system": [
              {
                "template_file_id": "local:vztmpl/ubuntu-24.04-standard_24.04-2_amd64.tar.zst",
                "type": "ubuntu"
              }
            ],
            "pool_id": null,
            "protection": false,
            "start_on_boot": true,
            "started": true,
            "startup": [],
            "tags": [],
            "template": false,
            "timeout_clone": 1800,
            "timeout_create": 1800,
            "timeout_delete": 60,
            "timeout_start": 300,
            "timeout_update": 1800,
            "unprivileged": true,
            "vm_id": 302,
            "wait_for_ip": []
          },
          "sensitive_attributes": [
            [
              {
                "type": "get_attr",
                "value": "initialization"
              },
              {
                "type": "index",
                "value": {
                  "value": 0,
                  "type": "number"
                }
              },
              {
                "type": "get_attr",
                "value": "user_account"
              },
              {
                "type": "index",
                "value": {
                  "value": 0,
                  "type": "number"
                }
              },
              {
                "type": "get_attr",
                "value": "password"
              }
            ]
          ],
          "private": "bnVsbA==",
          "dependencies": [
            "proxmox_download_file.lxc_template"
          ]
        }
      ]
    },
    {
      "mode": "managed",
      "type": "proxmox_virtual_environment_file",
      "name": "cloud_meta_config",
      "provider": "provider[\"registry.opentofu.org/bpg/proxmox\"]",
      "instances": [
        {
          "index_key": "server01",
          "schema_version": 0,
          "attributes": {
            "content_type": "snippets",
            "datastore_id": "local",
            "file_mode": null,
            "file_modification_date": null,
            "file_name": "cloud-meta-config-server01.yml",
            "file_size": null,
            "file_tag": null,
            "id": "local:snippets/cloud-meta-config-server01.yml",
            "node_name": "homelab",
            "overwrite": true,
            "source_file": [],
            "source_raw": [
              {
                "data": "instance-id: server01\nlocal-hostname: server01\n",
                "file_name": "cloud-meta-config-server01.yml",
                "resize": 0
              }
            ],
            "timeout_upload": 1800,
            "upload_mode": "stream"
          },
          "sensitive_attributes": [],
          "private": "bnVsbA=="
        },
        {
          "index_key": "server02",
          "schema_version": 0,
          "attributes": {
            "content_type": "snippets",
            "datastore_id": "local",
            "file_mode": null,
            "file_modification_date": null,
            "file_name": "cloud-meta-config-server02.yml",
            "file_size": null,
            "file_tag": null,
            "id": "local:snippets/cloud-meta-config-server02.yml",
            "node_name": "homelab",
            "overwrite": true,
            "source_file": [],
            "source_raw": [
              {
                "data": "instance-id: server02\nlocal-hostname: server02\n",
                "file_name": "cloud-meta-config-server02.yml",
                "resize": 0
              }
            ],
            "timeout_upload": 1800,
            "upload_mode": "stream"
          },
          "sensitive_attributes": [],
          "private": "bnVsbA=="
        },
        {
          "index_key": "server03",
          "schema_version": 0,
          "attributes": {
            "content_type": "snippets",
            "datastore_id": "local",
            "file_mode": null,
            "file_modification_date": null,
            "file_name": "cloud-meta-config-server03.yml",
            "file_size": null,
            "file_tag": null,
            "id": "local:snippets/cloud-meta-config-server03.yml",
            "node_name": "homelab",
            "overwrite": true,
            "source_file": [],
            "source_raw": [
              {
                "data": "instance-id: server03\nlocal-hostname: server03\n",
                "file_name": "cloud-meta-config-server03.yml",
                "resize": 0
              }
            ],
            "timeout_upload": 1800,
            "upload_mode": "stream"
          },
          "sensitive_attributes": [],
          "private": "bnVsbA=="
        }
      ]
    },
    {
      "mode": "managed",
      "type": "proxmox_virtual_environment_file",
      "name": "cloud_user_config",
      "provider": "provider[\"registry.opentofu.org/bpg/proxmox\"]",
      "instances": [
        {
          "index_key": "server01",
          "schema_version": 0,
          "attributes": {
            "content_type": "snippets",
            "datastore_id": "local",
            "file_mode": null,
            "file_modification_date": null,
            "file_name": "cloud-user-config-server01.yml",
            "file_size": null,
            "file_tag": null,
            "id": "local:snippets/cloud-user-config-server01.yml",
            "node_name": "homelab",
            "overwrite": true,
            "source_file": [],
            "source_raw": [
              {
                "data": "#cloud-config\nhostname: server01\npreserve_hostname: false\nusers:\n  - name: ansible\n    groups: wheel\n    shell: /bin/bash\n    sudo: ALL=(ALL) NOPASSWD:ALL\n    ssh_authorized_keys:\n      - ssh-ed25519 AAAAC3NzaC1lZDI1NTE5AAAAIMrydHAOV1y3+5EVfTlkjIf0pmBdAsM3E2f49BOZ635k systech-control\npackage_update: true\npackages:\n  - qemu-guest-agent\n  - curl\n  - python3\nruncmd:\n  - systemctl enable --now qemu-guest-agent\n",
                "file_name": "cloud-user-config-server01.yml",
                "resize": 0
              }
            ],
            "timeout_upload": 1800,
            "upload_mode": "stream"
          },
          "sensitive_attributes": [],
          "private": "bnVsbA=="
        },
        {
          "index_key": "server02",
          "schema_version": 0,
          "attributes": {
            "content_type": "snippets",
            "datastore_id": "local",
            "file_mode": null,
            "file_modification_date": null,
            "file_name": "cloud-user-config-server02.yml",
            "file_size": null,
            "file_tag": null,
            "id": "local:snippets/cloud-user-config-server02.yml",
            "node_name": "homelab",
            "overwrite": true,
            "source_file": [],
            "source_raw": [
              {
                "data": "#cloud-config\nhostname: server02\npreserve_hostname: false\nusers:\n  - name: ansible\n    groups: wheel\n    shell: /bin/bash\n    sudo: ALL=(ALL) NOPASSWD:ALL\n    ssh_authorized_keys:\n      - ssh-ed25519 AAAAC3NzaC1lZDI1NTE5AAAAIMrydHAOV1y3+5EVfTlkjIf0pmBdAsM3E2f49BOZ635k systech-control\npackage_update: true\npackages:\n  - qemu-guest-agent\n  - curl\n  - python3\nruncmd:\n  - systemctl enable --now qemu-guest-agent\n",
                "file_name": "cloud-user-config-server02.yml",
                "resize": 0
              }
            ],
            "timeout_upload": 1800,
            "upload_mode": "stream"
          },
          "sensitive_attributes": [],
          "private": "bnVsbA=="
        },
        {
          "index_key": "server03",
          "schema_version": 0,
          "attributes": {
            "content_type": "snippets",
            "datastore_id": "local",
            "file_mode": null,
            "file_modification_date": null,
            "file_name": "cloud-user-config-server03.yml",
            "file_size": null,
            "file_tag": null,
            "id": "local:snippets/cloud-user-config-server03.yml",
            "node_name": "homelab",
            "overwrite": true,
            "source_file": [],
            "source_raw": [
              {
                "data": "#cloud-config\nhostname: server03\npreserve_hostname: false\nusers:\n  - name: ansible\n    groups: wheel\n    shell: /bin/bash\n    sudo: ALL=(ALL) NOPASSWD:ALL\n    ssh_authorized_keys:\n      - ssh-ed25519 AAAAC3NzaC1lZDI1NTE5AAAAIMrydHAOV1y3+5EVfTlkjIf0pmBdAsM3E2f49BOZ635k systech-control\npackage_update: true\npackages:\n  - qemu-guest-agent\n  - curl\n  - python3\nruncmd:\n  - systemctl enable --now qemu-guest-agent\n",
                "file_name": "cloud-user-config-server03.yml",
                "resize": 0
              }
            ],
            "timeout_upload": 1800,
            "upload_mode": "stream"
          },
          "sensitive_attributes": [],
          "private": "bnVsbA=="
        }
      ]
    },
    {
      "mode": "managed",
      "type": "proxmox_virtual_environment_vm",
      "name": "almalinux_cluster",
      "provider": "provider[\"registry.opentofu.org/bpg/proxmox\"]",
      "instances": [
        {
          "index_key": "server01",
          "schema_version": 0,
          "attributes": {
            "acpi": true,
            "agent": [
              {
                "enabled": true,
                "timeout": "15m",
                "trim": false,
                "type": "virtio",
                "wait_for_ip": []
              }
            ],
            "amd_sev": [],
            "audio_device": [],
            "bios": "seabios",
            "boot_order": [
              "scsi0",
              "net0"
            ],
            "cdrom": [],
            "clone": [],
            "cpu": [
              {
                "affinity": "",
                "architecture": "",
                "cores": 1,
                "flags": [],
                "hotplugged": 0,
                "limit": 0,
                "numa": false,
                "sockets": 1,
                "type": "host",
                "units": 0
              }
            ],
            "delete_unreferenced_disks_on_destroy": true,
            "description": "",
            "disk": [
              {
                "aio": "io_uring",
                "backup": true,
                "cache": "none",
                "datastore_id": "local-lvm",
                "discard": "ignore",
                "file_format": "raw",
                "file_id": "local:iso/almalinux-9-cloudinit.iso",
                "import_from": "",
                "interface": "scsi0",
                "iothread": false,
                "path_in_datastore": "vm-201-disk-0",
                "queues": 0,
                "replicate": true,
                "serial": "",
                "size": 20,
                "speed": [],
                "ssd": false
              }
            ],
            "efi_disk": [],
            "hook_script_file_id": "",
            "hostpci": [],
            "hotplug": null,
            "id": "201",
            "initialization": [
              {
                "datastore_id": "local-lvm",
                "dns": [],
                "file_format": "",
                "interface": "ide2",
                "ip_config": [
                  {
                    "ipv4": [
                      {
                        "address": "10.10.10.21/24",
                        "gateway": "10.10.10.1"
                      }
                    ],
                    "ipv6": []
                  }
                ],
                "meta_data_file_id": "local:snippets/cloud-meta-config-server01.yml",
                "network_data_file_id": "",
                "type": "",
                "upgrade": true,
                "user_account": [],
                "user_data_file_id": "local:snippets/cloud-user-config-server01.yml",
                "vendor_data_file_id": ""
              }
            ],
            "ipv4_addresses": [
              [
                "127.0.0.1"
              ],
              [
                "10.10.10.21"
              ]
            ],
            "ipv6_addresses": [
              [
                "::1"
              ],
              [
                "fe80::be24:11ff:feb5:9cee"
              ]
            ],
            "keyboard_layout": "en-us",
            "kvm_arguments": "",
            "mac_addresses": [
              "00:00:00:00:00:00",
              "BC:24:11:B5:9C:EE"
            ],
            "machine": "",
            "memory": [
              {
                "dedicated": 1536,
                "floating": 0,
                "hugepages": "",
                "keep_hugepages": false,
                "shared": 0
              }
            ],
            "migrate": false,
            "name": "server01",
            "network_device": [
              {
                "bridge": "vmbr1",
                "disconnected": false,
                "enabled": true,
                "firewall": false,
                "mac_address": "BC:24:11:B5:9C:EE",
                "model": "virtio",
                "mtu": 0,
                "queues": 0,
                "rate_limit": 0,
                "trunks": "",
                "vlan_id": 0
              }
            ],
            "network_interface_names": [
              "lo",
              "eth0"
            ],
            "node_name": "homelab",
            "numa": [],
            "on_boot": true,
            "operating_system": [],
            "pool_id": "",
            "protection": false,
            "purge_on_destroy": true,
            "reboot": false,
            "reboot_after_update": true,
            "rng": [],
            "scsi_hardware": "virtio-scsi-pci",
            "serial_device": [],
            "smbios": [],
            "started": true,
            "startup": [],
            "stop_on_destroy": false,
            "tablet_device": true,
            "tags": [],
            "template": false,
            "timeout_clone": 1800,
            "timeout_create": 1800,
            "timeout_migrate": 1800,
            "timeout_move_disk": 1800,
            "timeout_reboot": 1800,
            "timeout_shutdown_vm": 1800,
            "timeout_start_vm": 1800,
            "timeout_stop_vm": 300,
            "tpm_state": [],
            "usb": [],
            "vga": [],
            "virtiofs": [],
            "vm_id": 201,
            "watchdog": []
          },
          "sensitive_attributes": [],
          "private": "bnVsbA==",
          "dependencies": [
            "proxmox_download_file.almalinux_cloud_image",
            "proxmox_virtual_environment_file.cloud_meta_config",
            "proxmox_virtual_environment_file.cloud_user_config"
          ]
        },
        {
          "index_key": "server02",
          "schema_version": 0,
          "attributes": {
            "acpi": true,
            "agent": [
              {
                "enabled": true,
                "timeout": "15m",
                "trim": false,
                "type": "virtio",
                "wait_for_ip": []
              }
            ],
            "amd_sev": [],
            "audio_device": [],
            "bios": "seabios",
            "boot_order": [
              "scsi0",
              "net0"
            ],
            "cdrom": [],
            "clone": [],
            "cpu": [
              {
                "affinity": "",
                "architecture": "",
                "cores": 1,
                "flags": [],
                "hotplugged": 0,
                "limit": 0,
                "numa": false,
                "sockets": 1,
                "type": "host",
                "units": 0
              }
            ],
            "delete_unreferenced_disks_on_destroy": true,
            "description": "",
            "disk": [
              {
                "aio": "io_uring",
                "backup": true,
                "cache": "none",
                "datastore_id": "local-lvm",
                "discard": "ignore",
                "file_format": "raw",
                "file_id": "local:iso/almalinux-9-cloudinit.iso",
                "import_from": "",
                "interface": "scsi0",
                "iothread": false,
                "path_in_datastore": "vm-202-disk-0",
                "queues": 0,
                "replicate": true,
                "serial": "",
                "size": 20,
                "speed": [],
                "ssd": false
              }
            ],
            "efi_disk": [],
            "hook_script_file_id": "",
            "hostpci": [],
            "hotplug": null,
            "id": "202",
            "initialization": [
              {
                "datastore_id": "local-lvm",
                "dns": [],
                "file_format": "",
                "interface": "ide2",
                "ip_config": [
                  {
                    "ipv4": [
                      {
                        "address": "10.10.10.22/24",
                        "gateway": "10.10.10.1"
                      }
                    ],
                    "ipv6": []
                  }
                ],
                "meta_data_file_id": "local:snippets/cloud-meta-config-server02.yml",
                "network_data_file_id": "",
                "type": "",
                "upgrade": true,
                "user_account": [],
                "user_data_file_id": "local:snippets/cloud-user-config-server02.yml",
                "vendor_data_file_id": ""
              }
            ],
            "ipv4_addresses": [
              [
                "127.0.0.1"
              ],
              [
                "10.10.10.22"
              ]
            ],
            "ipv6_addresses": [
              [
                "::1"
              ],
              [
                "fe80::be24:11ff:fee8:c33d"
              ]
            ],
            "keyboard_layout": "en-us",
            "kvm_arguments": "",
            "mac_addresses": [
              "00:00:00:00:00:00",
              "BC:24:11:E8:C3:3D"
            ],
            "machine": "",
            "memory": [
              {
                "dedicated": 1536,
                "floating": 0,
                "hugepages": "",
                "keep_hugepages": false,
                "shared": 0
              }
            ],
            "migrate": false,
            "name": "server02",
            "network_device": [
              {
                "bridge": "vmbr1",
                "disconnected": false,
                "enabled": true,
                "firewall": false,
                "mac_address": "BC:24:11:E8:C3:3D",
                "model": "virtio",
                "mtu": 0,
                "queues": 0,
                "rate_limit": 0,
                "trunks": "",
                "vlan_id": 0
              }
            ],
            "network_interface_names": [
              "lo",
              "eth0"
            ],
            "node_name": "homelab",
            "numa": [],
            "on_boot": true,
            "operating_system": [],
            "pool_id": "",
            "protection": false,
            "purge_on_destroy": true,
            "reboot": false,
            "reboot_after_update": true,
            "rng": [],
            "scsi_hardware": "virtio-scsi-pci",
            "serial_device": [],
            "smbios": [],
            "started": true,
            "startup": [],
            "stop_on_destroy": false,
            "tablet_device": true,
            "tags": [],
            "template": false,
            "timeout_clone": 1800,
            "timeout_create": 1800,
            "timeout_migrate": 1800,
            "timeout_move_disk": 1800,
            "timeout_reboot": 1800,
            "timeout_shutdown_vm": 1800,
            "timeout_start_vm": 1800,
            "timeout_stop_vm": 300,
            "tpm_state": [],
            "usb": [],
            "vga": [],
            "virtiofs": [],
            "vm_id": 202,
            "watchdog": []
          },
          "sensitive_attributes": [],
          "private": "bnVsbA==",
          "dependencies": [
            "proxmox_download_file.almalinux_cloud_image",
            "proxmox_virtual_environment_file.cloud_meta_config",
            "proxmox_virtual_environment_file.cloud_user_config"
          ]
        },
        {
          "index_key": "server03",
          "schema_version": 0,
          "attributes": {
            "acpi": true,
            "agent": [
              {
                "enabled": true,
                "timeout": "15m",
                "trim": false,
                "type": "virtio",
                "wait_for_ip": []
              }
            ],
            "amd_sev": [],
            "audio_device": [],
            "bios": "seabios",
            "boot_order": [
              "scsi0",
              "net0"
            ],
            "cdrom": [],
            "clone": [],
            "cpu": [
              {
                "affinity": "",
                "architecture": "",
                "cores": 1,
                "flags": [],
                "hotplugged": 0,
                "limit": 0,
                "numa": false,
                "sockets": 1,
                "type": "host",
                "units": 0
              }
            ],
            "delete_unreferenced_disks_on_destroy": true,
            "description": "",
            "disk": [
              {
                "aio": "io_uring",
                "backup": true,
                "cache": "none",
                "datastore_id": "local-lvm",
                "discard": "ignore",
                "file_format": "raw",
                "file_id": "local:iso/almalinux-9-cloudinit.iso",
                "import_from": "",
                "interface": "scsi0",
                "iothread": false,
                "path_in_datastore": "vm-203-disk-0",
                "queues": 0,
                "replicate": true,
                "serial": "",
                "size": 20,
                "speed": [],
                "ssd": false
              }
            ],
            "efi_disk": [],
            "hook_script_file_id": "",
            "hostpci": [],
            "hotplug": null,
            "id": "203",
            "initialization": [
              {
                "datastore_id": "local-lvm",
                "dns": [],
                "file_format": "",
                "interface": "ide2",
                "ip_config": [
                  {
                    "ipv4": [
                      {
                        "address": "10.10.10.23/24",
                        "gateway": "10.10.10.1"
                      }
                    ],
                    "ipv6": []
                  }
                ],
                "meta_data_file_id": "local:snippets/cloud-meta-config-server03.yml",
                "network_data_file_id": "",
                "type": "",
                "upgrade": true,
                "user_account": [],
                "user_data_file_id": "local:snippets/cloud-user-config-server03.yml",
                "vendor_data_file_id": ""
              }
            ],
            "ipv4_addresses": [
              [
                "127.0.0.1"
              ],
              [
                "10.10.10.23"
              ]
            ],
            "ipv6_addresses": [
              [
                "::1"
              ],
              [
                "fe80::be24:11ff:fee0:b6fc"
              ]
            ],
            "keyboard_layout": "en-us",
            "kvm_arguments": "",
            "mac_addresses": [
              "00:00:00:00:00:00",
              "BC:24:11:E0:B6:FC"
            ],
            "machine": "",
            "memory": [
              {
                "dedicated": 1536,
                "floating": 0,
                "hugepages": "",
                "keep_hugepages": false,
                "shared": 0
              }
            ],
            "migrate": false,
            "name": "server03",
            "network_device": [
              {
                "bridge": "vmbr1",
                "disconnected": false,
                "enabled": true,
                "firewall": false,
                "mac_address": "BC:24:11:E0:B6:FC",
                "model": "virtio",
                "mtu": 0,
                "queues": 0,
                "rate_limit": 0,
                "trunks": "",
                "vlan_id": 0
              }
            ],
            "network_interface_names": [
              "lo",
              "eth0"
            ],
            "node_name": "homelab",
            "numa": [],
            "on_boot": true,
            "operating_system": [],
            "pool_id": "",
            "protection": false,
            "purge_on_destroy": true,
            "reboot": false,
            "reboot_after_update": true,
            "rng": [],
            "scsi_hardware": "virtio-scsi-pci",
            "serial_device": [],
            "smbios": [],
            "started": true,
            "startup": [],
            "stop_on_destroy": false,
            "tablet_device": true,
            "tags": [],
            "template": false,
            "timeout_clone": 1800,
            "timeout_create": 1800,
            "timeout_migrate": 1800,
            "timeout_move_disk": 1800,
            "timeout_reboot": 1800,
            "timeout_shutdown_vm": 1800,
            "timeout_start_vm": 1800,
            "timeout_stop_vm": 300,
            "tpm_state": [],
            "usb": [],
            "vga": [],
            "virtiofs": [],
            "vm_id": 203,
            "watchdog": []
          },
          "sensitive_attributes": [],
          "private": "bnVsbA==",
          "dependencies": [
            "proxmox_download_file.almalinux_cloud_image",
            "proxmox_virtual_environment_file.cloud_meta_config",
            "proxmox_virtual_environment_file.cloud_user_config"
          ]
        }
      ]
    }
  ],
  "check_results": null
}

