{
  "version": 4,
  "terraform_version": "1.15.8",
  "serial": 195,
  "lineage": "416af47b-f365-f317-1572-6da5d3e923e1",
  "outputs": {},
  "resources": [
    {
      "mode": "managed",
      "type": "local_file",
      "name": "inventory",
      "provider": "provider[\"registry.terraform.io/hashicorp/local\"]",
      "instances": [
        {
          "schema_version": 0,
          "attributes": {
            "content": "[app_fleet]\nserver01 ansible_host=10.45.223.26 ansible_user=root ansible_ssh_private_key_file=~/.ssh/id_lxd_fleet\nserver02 ansible_host=10.45.223.31 ansible_user=root ansible_ssh_private_key_file=~/.ssh/id_lxd_fleet\nserver03 ansible_host=10.45.223.96 ansible_user=root ansible_ssh_private_key_file=~/.ssh/id_lxd_fleet\n\n[monitoring]\nmonitoring_node ansible_host=10.45.223.41 ansible_user=root ansible_ssh_private_key_file=~/.ssh/id_lxd_fleet\n\n[local]\nlocalhost ansible_connection=local\n\n[all:vars]\nansible_python_interpreter=/usr/bin/python3\n",
            "content_base64": null,
            "content_base64sha256": "Whuwy1kvlm8oXtkD4B3t5bluFuEg20mywpRFBfZ1b9k=",
            "content_base64sha512": "uLv3ejVzSslVlLbphxLcfKh3TW/xzNxsX/ROM1qOWzi5pnj0F0d01Tbi09vszmU8xWLPn2rmSwyc+HaaXefhMQ==",
            "content_md5": "9d87cd950c29581c9db0869e924c938a",
            "content_sha1": "c0bcc8b031684aee8124689f3200549dd287550a",
            "content_sha256": "5a1bb0cb592f966f285ed903e01dede5b96e16e120db49b2c2944505f6756fd9",
            "content_sha512": "b8bbf77a35734ac95594b6e98712dc7ca8774d6ff1ccdc6c5ff44e335a8e5b38b9a678f4174774d536e2d3dbecce653cc562cf9f6ae64b0c9cf8769a5de7e131",
            "directory_permission": "0777",
            "file_permission": "0777",
            "filename": "./inventory.ini",
            "id": "c0bcc8b031684aee8124689f3200549dd287550a",
            "sensitive_content": null,
            "source": null
          },
          "sensitive_attributes": [
            [
              {
                "type": "get_attr",
                "value": "sensitive_content"
              }
            ]
          ],
          "identity_schema_version": 0,
          "dependencies": [
            "lxd_instance.monitoring",
            "lxd_instance.server",
            "lxd_profile.fleet",
            "null_resource.setup_monitoring",
            "null_resource.wait_monitoring_cloud_init",
            "null_resource.wait_server_cloud_init"
          ]
        }
      ]
    },
    {
      "mode": "managed",
      "type": "lxd_instance",
      "name": "monitoring",
      "provider": "provider[\"registry.terraform.io/terraform-lxd/lxd\"]",
      "instances": [
        {
          "schema_version": 0,
          "attributes": {
            "config": {
              "user.user-data": "#cloud-config\ndisable_root: false\nssh_authorized_keys:\n  - ssh-ed25519 AAAAC3NzaC1lZDI1NTE5AAAAIN+gsGnVlOOJXtW6Wz87hc1CPhOz++T2lCoB6F3Eksbg jensyg@lxd-fleet\nwrite_files:\n  - path: /etc/ssh/sshd_config.d/00-lxd-root.conf\n    content: |\n      PermitRootLogin yes\n      PasswordAuthentication no\npackages:\n  - python3\n  - openssh-server\n  - tar\n  - wget\n  - curl\n  - unzip\n  - bind-utils\nruncmd:\n  - ssh-keygen -A\n  - systemctl enable --now sshd\n"
            },
            "device": [],
            "ephemeral": false,
            "file": [],
            "id": "monitoring",
            "image": "almalinux9-cloud",
            "ip_address": "10.45.223.41",
            "ipv4_address": "10.45.223.41",
            "ipv6_address": "fe80::216:3eff:feff:ec4",
            "limits": null,
            "mac_address": "00:16:3e:ff:0e:c4",
            "name": "monitoring",
            "privileged": false,
            "profiles": [
              "fleet"
            ],
            "project": null,
            "remote": null,
            "start_on_create": true,
            "status": "Running",
            "target": "none",
            "type": "container",
            "wait_for_network": true
          },
          "sensitive_attributes": [],
          "identity_schema_version": 0,
          "private": "bnVsbA==",
          "dependencies": [
            "lxd_profile.fleet"
          ]
        }
      ]
    },
    {
      "mode": "managed",
      "type": "lxd_instance",
      "name": "server",
      "provider": "provider[\"registry.terraform.io/terraform-lxd/lxd\"]",
      "instances": [
        {
          "index_key": 0,
          "schema_version": 0,
          "attributes": {
            "config": {
              "user.user-data": "#cloud-config\ndisable_root: false\nssh_authorized_keys:\n  - ssh-ed25519 AAAAC3NzaC1lZDI1NTE5AAAAIN+gsGnVlOOJXtW6Wz87hc1CPhOz++T2lCoB6F3Eksbg jensyg@lxd-fleet\nwrite_files:\n  - path: /etc/ssh/sshd_config.d/00-lxd-root.conf\n    content: |\n      PermitRootLogin yes\n      PasswordAuthentication no\n  - path: /root/.aws/credentials\n    owner: root:root\n    permissions: '0600'\n    content: |\n      [default]\n      aws_access_key_id = test\n      aws_secret_access_key = test\n  - path: /root/.aws/config\n    owner: root:root\n    permissions: '0600'\n    content: |\n      [default]\n      region = us-east-1\npackages:\n  - python3\n  - openssh-server\n  - tar\n  - wget\n  - curl\n  - unzip\n  - bind-utils\n  - awscli\n  - nginx\n  - rsync\nruncmd:\n  - ssh-keygen -A\n  - systemctl enable --now sshd\n  - systemctl enable --now nginx\n  - mkdir -p /var/lib/node_exporter/textfile_collector\n  - curl -sS -L https://github.com/prometheus/node_exporter/releases/download/v1.7.0/node_exporter-1.7.0.linux-amd64.tar.gz | tar -xz -C /tmp\n  - cp /tmp/node_exporter-1.7.0.linux-amd64/node_exporter /usr/local/bin/\n  - useradd -rs /bin/false node_exporter || true\n  - |\n    cat \u003e /etc/systemd/system/node_exporter.service \u003c\u003c 'EOF'\n    [Unit]\n    Description=Node Exporter\n    After=network.target\n    [Service]\n    Type=simple\n    ExecStart=/usr/local/bin/node_exporter --collector.textfile.directory=/var/lib/node_exporter/textfile_collector\n    Restart=on-failure\n    [Install]\n    WantedBy=multi-user.target\n    EOF\n  - systemctl daemon-reload\n  - systemctl enable --now node_exporter\n"
            },
            "device": [],
            "ephemeral": false,
            "file": [],
            "id": "server01",
            "image": "almalinux9-cloud",
            "ip_address": "10.45.223.26",
            "ipv4_address": "10.45.223.26",
            "ipv6_address": "fe80::216:3eff:fe14:b6d6",
            "limits": null,
            "mac_address": "00:16:3e:14:b6:d6",
            "name": "server01",
            "privileged": false,
            "profiles": [
              "fleet"
            ],
            "project": null,
            "remote": null,
            "start_on_create": true,
            "status": "Running",
            "target": "none",
            "type": "container",
            "wait_for_network": true
          },
          "sensitive_attributes": [],
          "identity_schema_version": 0,
          "private": "bnVsbA==",
          "dependencies": [
            "lxd_profile.fleet"
          ]
        },
        {
          "index_key": 1,
          "schema_version": 0,
          "attributes": {
            "config": {
              "user.user-data": "#cloud-config\ndisable_root: false\nssh_authorized_keys:\n  - ssh-ed25519 AAAAC3NzaC1lZDI1NTE5AAAAIN+gsGnVlOOJXtW6Wz87hc1CPhOz++T2lCoB6F3Eksbg jensyg@lxd-fleet\nwrite_files:\n  - path: /etc/ssh/sshd_config.d/00-lxd-root.conf\n    content: |\n      PermitRootLogin yes\n      PasswordAuthentication no\n  - path: /root/.aws/credentials\n    owner: root:root\n    permissions: '0600'\n    content: |\n      [default]\n      aws_access_key_id = test\n      aws_secret_access_key = test\n  - path: /root/.aws/config\n    owner: root:root\n    permissions: '0600'\n    content: |\n      [default]\n      region = us-east-1\npackages:\n  - python3\n  - openssh-server\n  - tar\n  - wget\n  - curl\n  - unzip\n  - bind-utils\n  - awscli\n  - nginx\n  - rsync\nruncmd:\n  - ssh-keygen -A\n  - systemctl enable --now sshd\n  - systemctl enable --now nginx\n  - mkdir -p /var/lib/node_exporter/textfile_collector\n  - curl -sS -L https://github.com/prometheus/node_exporter/releases/download/v1.7.0/node_exporter-1.7.0.linux-amd64.tar.gz | tar -xz -C /tmp\n  - cp /tmp/node_exporter-1.7.0.linux-amd64/node_exporter /usr/local/bin/\n  - useradd -rs /bin/false node_exporter || true\n  - |\n    cat \u003e /etc/systemd/system/node_exporter.service \u003c\u003c 'EOF'\n    [Unit]\n    Description=Node Exporter\n    After=network.target\n    [Service]\n    Type=simple\n    ExecStart=/usr/local/bin/node_exporter --collector.textfile.directory=/var/lib/node_exporter/textfile_collector\n    Restart=on-failure\n    [Install]\n    WantedBy=multi-user.target\n    EOF\n  - systemctl daemon-reload\n  - systemctl enable --now node_exporter\n"
            },
            "device": [],
            "ephemeral": false,
            "file": [],
            "id": "server02",
            "image": "almalinux9-cloud",
            "ip_address": "10.45.223.31",
            "ipv4_address": "10.45.223.31",
            "ipv6_address": "fe80::216:3eff:fef2:652f",
            "limits": null,
            "mac_address": "00:16:3e:f2:65:2f",
            "name": "server02",
            "privileged": false,
            "profiles": [
              "fleet"
            ],
            "project": null,
            "remote": null,
            "start_on_create": true,
            "status": "Running",
            "target": "none",
            "type": "container",
            "wait_for_network": true
          },
          "sensitive_attributes": [],
          "identity_schema_version": 0,
          "private": "bnVsbA==",
          "dependencies": [
            "lxd_profile.fleet"
          ]
        },
        {
          "index_key": 2,
          "schema_version": 0,
          "attributes": {
            "config": {
              "user.user-data": "#cloud-config\ndisable_root: false\nssh_authorized_keys:\n  - ssh-ed25519 AAAAC3NzaC1lZDI1NTE5AAAAIN+gsGnVlOOJXtW6Wz87hc1CPhOz++T2lCoB6F3Eksbg jensyg@lxd-fleet\nwrite_files:\n  - path: /etc/ssh/sshd_config.d/00-lxd-root.conf\n    content: |\n      PermitRootLogin yes\n      PasswordAuthentication no\n  - path: /root/.aws/credentials\n    owner: root:root\n    permissions: '0600'\n    content: |\n      [default]\n      aws_access_key_id = test\n      aws_secret_access_key = test\n  - path: /root/.aws/config\n    owner: root:root\n    permissions: '0600'\n    content: |\n      [default]\n      region = us-east-1\npackages:\n  - python3\n  - openssh-server\n  - tar\n  - wget\n  - curl\n  - unzip\n  - bind-utils\n  - awscli\n  - nginx\n  - rsync\nruncmd:\n  - ssh-keygen -A\n  - systemctl enable --now sshd\n  - systemctl enable --now nginx\n  - mkdir -p /var/lib/node_exporter/textfile_collector\n  - curl -sS -L https://github.com/prometheus/node_exporter/releases/download/v1.7.0/node_exporter-1.7.0.linux-amd64.tar.gz | tar -xz -C /tmp\n  - cp /tmp/node_exporter-1.7.0.linux-amd64/node_exporter /usr/local/bin/\n  - useradd -rs /bin/false node_exporter || true\n  - |\n    cat \u003e /etc/systemd/system/node_exporter.service \u003c\u003c 'EOF'\n    [Unit]\n    Description=Node Exporter\n    After=network.target\n    [Service]\n    Type=simple\n    ExecStart=/usr/local/bin/node_exporter --collector.textfile.directory=/var/lib/node_exporter/textfile_collector\n    Restart=on-failure\n    [Install]\n    WantedBy=multi-user.target\n    EOF\n  - systemctl daemon-reload\n  - systemctl enable --now node_exporter\n"
            },
            "device": [],
            "ephemeral": false,
            "file": [],
            "id": "server03",
            "image": "almalinux9-cloud",
            "ip_address": "10.45.223.96",
            "ipv4_address": "10.45.223.96",
            "ipv6_address": "fe80::216:3eff:fed6:374a",
            "limits": null,
            "mac_address": "00:16:3e:d6:37:4a",
            "name": "server03",
            "privileged": false,
            "profiles": [
              "fleet"
            ],
            "project": null,
            "remote": null,
            "start_on_create": true,
            "status": "Running",
            "target": "none",
            "type": "container",
            "wait_for_network": true
          },
          "sensitive_attributes": [],
          "identity_schema_version": 0,
          "private": "bnVsbA==",
          "dependencies": [
            "lxd_profile.fleet"
          ]
        }
      ]
    },
    {
      "mode": "managed",
      "type": "lxd_profile",
      "name": "fleet",
      "provider": "provider[\"registry.terraform.io/terraform-lxd/lxd\"]",
      "instances": [
        {
          "schema_version": 0,
          "attributes": {
            "config": {
              "limits.cpu": "1",
              "limits.memory": "512MB",
              "security.privileged": "true"
            },
            "description": "",
            "device": [
              {
                "name": "eth0",
                "properties": {
                  "network": "lxdbr0"
                },
                "type": "nic"
              },
              {
                "name": "root",
                "properties": {
                  "path": "/",
                  "pool": "default"
                },
                "type": "disk"
              }
            ],
            "id": "fleet",
            "name": "fleet",
            "project": null,
            "remote": null
          },
          "sensitive_attributes": [],
          "identity_schema_version": 0,
          "private": "bnVsbA=="
        }
      ]
    },
    {
      "mode": "managed",
      "type": "null_resource",
      "name": "setup_monitoring",
      "provider": "provider[\"registry.terraform.io/hashicorp/null\"]",
      "instances": [
        {
          "schema_version": 0,
          "attributes": {
            "id": "738857888450384951",
            "triggers": null
          },
          "sensitive_attributes": [],
          "identity_schema_version": 0,
          "dependencies": [
            "lxd_instance.monitoring",
            "lxd_instance.server",
            "lxd_profile.fleet",
            "null_resource.wait_monitoring_cloud_init"
          ]
        }
      ]
    },
    {
      "mode": "managed",
      "type": "null_resource",
      "name": "wait_monitoring_cloud_init",
      "provider": "provider[\"registry.terraform.io/hashicorp/null\"]",
      "instances": [
        {
          "schema_version": 0,
          "attributes": {
            "id": "3272007247321655570",
            "triggers": null
          },
          "sensitive_attributes": [],
          "identity_schema_version": 0,
          "dependencies": [
            "lxd_instance.monitoring",
            "lxd_profile.fleet"
          ]
        }
      ]
    },
    {
      "mode": "managed",
      "type": "null_resource",
      "name": "wait_server_cloud_init",
      "provider": "provider[\"registry.terraform.io/hashicorp/null\"]",
      "instances": [
        {
          "index_key": 0,
          "schema_version": 0,
          "attributes": {
            "id": "8330860942300062481",
            "triggers": null
          },
          "sensitive_attributes": [],
          "identity_schema_version": 0,
          "dependencies": [
            "lxd_instance.server",
            "lxd_profile.fleet"
          ]
        },
        {
          "index_key": 1,
          "schema_version": 0,
          "attributes": {
            "id": "7172850283382367156",
            "triggers": null
          },
          "sensitive_attributes": [],
          "identity_schema_version": 0,
          "dependencies": [
            "lxd_instance.server",
            "lxd_profile.fleet"
          ]
        },
        {
          "index_key": 2,
          "schema_version": 0,
          "attributes": {
            "id": "4102474235764912521",
            "triggers": null
          },
          "sensitive_attributes": [],
          "identity_schema_version": 0,
          "dependencies": [
            "lxd_instance.server",
            "lxd_profile.fleet"
          ]
        }
      ]
    }
  ],
  "check_results": null
}
