{
  "version": 4,
  "terraform_version": "1.15.8",
  "serial": 108,
  "lineage": "416af47b-f365-f317-1572-6da5d3e923e1",
  "outputs": {},
  "resources": [
    {
      "mode": "managed",
      "type": "local_file",
      "name": "inventory",
      "provider": "provider[\"registry.terraform.io/hashicorp/local\"]",
      "instances": [
        {
          "schema_version": 0,
          "attributes": {
            "content": "[app_fleet]\nserver01 ansible_host=10.45.223.71 ansible_user=root ansible_ssh_private_key_file=~/.ssh/id_lxd_fleet\nserver02 ansible_host=10.45.223.16 ansible_user=root ansible_ssh_private_key_file=~/.ssh/id_lxd_fleet\nserver03 ansible_host=10.45.223.52 ansible_user=root ansible_ssh_private_key_file=~/.ssh/id_lxd_fleet\n\n[cloud]\nfakecloud ansible_host=10.45.223.61 ansible_user=root ansible_ssh_private_key_file=~/.ssh/id_lxd_fleet\nmonitoring_node ansible_host=10.45.223.68 ansible_user=root ansible_ssh_private_key_file=~/.ssh/id_lxd_fleet\n\n[localhost]\nlocalhost ansible_connection=local\n\n[all:vars]\nansible_python_interpreter=/usr/bin/python3\n",
            "content_base64": null,
            "content_base64sha256": "ykxZEAKeXIVsiSeNayGXbo5RptVD5ozxIZQ3F8dhlgk=",
            "content_base64sha512": "iomm6q0GqrRJtmw6ZhQmf2S/vj/JKu+854DgX1PoYann3DZF0M08S9zcKU6re7pO0hLHlRVYUtmRF09IZWiItA==",
            "content_md5": "4baee78f0a150fb8a118914dbefa92f2",
            "content_sha1": "186847e72f20ff3e673b9b017d2499a94a1a1a5d",
            "content_sha256": "ca4c5910029e5c856c89278d6b21976e8e51a6d543e68cf121943717c7619609",
            "content_sha512": "8a89a6eaad06aab449b66c3a6614267f64bfbe3fc92aefbce780e05f53e861a9e7dc3645d0cd3c4bdcdc294eab7bba4ed212c795155852d991174f48656888b4",
            "directory_permission": "0777",
            "file_permission": "0777",
            "filename": "./inventory.ini",
            "id": "186847e72f20ff3e673b9b017d2499a94a1a1a5d",
            "sensitive_content": null,
            "source": null
          },
          "sensitive_attributes": [
            [
              {
                "type": "get_attr",
                "value": "sensitive_content"
              }
            ]
          ],
          "identity_schema_version": 0,
          "dependencies": [
            "lxd_instance.fakecloud",
            "lxd_instance.monitoring",
            "lxd_instance.server",
            "lxd_profile.fleet",
            "null_resource.setup_fakecloud",
            "null_resource.setup_monitoring",
            "null_resource.wait_fakecloud_cloud_init",
            "null_resource.wait_monitoring_cloud_init",
            "null_resource.wait_server_cloud_init"
          ]
        }
      ]
    },
    {
      "mode": "managed",
      "type": "lxd_instance",
      "name": "fakecloud",
      "provider": "provider[\"registry.terraform.io/terraform-lxd/lxd\"]",
      "instances": [
        {
          "schema_version": 0,
          "attributes": {
            "config": {
              "user.user-data": "#cloud-config\ndisable_root: false\nssh_authorized_keys:\n  - ssh-ed25519 AAAAC3NzaC1lZDI1NTE5AAAAIN+gsGnVlOOJXtW6Wz87hc1CPhOz++T2lCoB6F3Eksbg jensyg@lxd-fleet\nwrite_files:\n  - path: /etc/ssh/sshd_config.d/00-lxd-root.conf\n    content: |\n      PermitRootLogin yes\n      PasswordAuthentication no\npackages:\n  - python3\n  - openssh-server\n  - tar\n  - wget\n  - curl\n  - unzip\n  - bind-utils\nruncmd:\n  - ssh-keygen -A\n  - systemctl enable --now sshd\n"
            },
            "device": [],
            "ephemeral": false,
            "file": [],
            "id": "fakecloud",
            "image": "almalinux9-cloud",
            "ip_address": "10.45.223.61",
            "ipv4_address": "10.45.223.61",
            "ipv6_address": "fe80::216:3eff:fe69:937e",
            "limits": null,
            "mac_address": "00:16:3e:69:93:7e",
            "name": "fakecloud",
            "privileged": false,
            "profiles": [
              "fleet"
            ],
            "project": null,
            "remote": null,
            "start_on_create": true,
            "status": "Running",
            "target": "none",
            "type": "container",
            "wait_for_network": true
          },
          "sensitive_attributes": [],
          "identity_schema_version": 0,
          "private": "bnVsbA==",
          "dependencies": [
            "lxd_profile.fleet"
          ]
        }
      ]
    },
    {
      "mode": "managed",
      "type": "lxd_instance",
      "name": "monitoring",
      "provider": "provider[\"registry.terraform.io/terraform-lxd/lxd\"]",
      "instances": [
        {
          "schema_version": 0,
          "attributes": {
            "config": {
              "user.user-data": "#cloud-config\ndisable_root: false\nssh_authorized_keys:\n  - ssh-ed25519 AAAAC3NzaC1lZDI1NTE5AAAAIN+gsGnVlOOJXtW6Wz87hc1CPhOz++T2lCoB6F3Eksbg jensyg@lxd-fleet\nwrite_files:\n  - path: /etc/ssh/sshd_config.d/00-lxd-root.conf\n    content: |\n      PermitRootLogin yes\n      PasswordAuthentication no\npackages:\n  - python3\n  - openssh-server\n  - tar\n  - wget\n  - curl\n  - unzip\n  - bind-utils\nruncmd:\n  - ssh-keygen -A\n  - systemctl enable --now sshd\n"
            },
            "device": [],
            "ephemeral": false,
            "file": [],
            "id": "monitoring",
            "image": "almalinux9-cloud",
            "ip_address": "10.45.223.68",
            "ipv4_address": "10.45.223.68",
            "ipv6_address": "fe80::216:3eff:fee2:8e61",
            "limits": null,
            "mac_address": "00:16:3e:e2:8e:61",
            "name": "monitoring",
            "privileged": false,
            "profiles": [
              "fleet"
            ],
            "project": null,
            "remote": null,
            "start_on_create": true,
            "status": "Running",
            "target": "none",
            "type": "container",
            "wait_for_network": true
          },
          "sensitive_attributes": [],
          "identity_schema_version": 0,
          "private": "bnVsbA==",
          "dependencies": [
            "lxd_profile.fleet"
          ]
        }
      ]
    },
    {
      "mode": "managed",
      "type": "lxd_instance",
      "name": "server",
      "provider": "provider[\"registry.terraform.io/terraform-lxd/lxd\"]",
      "instances": [
        {
          "index_key": 0,
          "schema_version": 0,
          "attributes": {
            "config": {
              "user.user-data": "#cloud-config\ndisable_root: false\nssh_authorized_keys:\n  - ssh-ed25519 AAAAC3NzaC1lZDI1NTE5AAAAIN+gsGnVlOOJXtW6Wz87hc1CPhOz++T2lCoB6F3Eksbg jensyg@lxd-fleet\nwrite_files:\n  - path: /etc/ssh/sshd_config.d/00-lxd-root.conf\n    content: |\n      PermitRootLogin yes\n      PasswordAuthentication no\npackages:\n  - python3\n  - openssh-server\n  - tar\n  - wget\n  - curl\n  - unzip\n  - bind-utils\nruncmd:\n  - ssh-keygen -A\n  - systemctl enable --now sshd\n  - curl -sS -L https://github.com/prometheus/node_exporter/releases/download/v1.7.0/node_exporter-1.7.0.linux-amd64.tar.gz | tar -xz -C /tmp\n  - cp /tmp/node_exporter-1.7.0.linux-amd64/node_exporter /usr/local/bin/\n  - useradd -rs /bin/false node_exporter || true\n  - nohup /usr/local/bin/node_exporter \u003e /var/log/node_exporter.log 2\u003e\u00261 \u0026\n"
            },
            "device": [],
            "ephemeral": false,
            "file": [],
            "id": "server01",
            "image": "almalinux9-cloud",
            "ip_address": "10.45.223.71",
            "ipv4_address": "10.45.223.71",
            "ipv6_address": "fe80::216:3eff:fe4d:d582",
            "limits": null,
            "mac_address": "00:16:3e:4d:d5:82",
            "name": "server01",
            "privileged": false,
            "profiles": [
              "fleet"
            ],
            "project": null,
            "remote": null,
            "start_on_create": true,
            "status": "Running",
            "target": "none",
            "type": "container",
            "wait_for_network": true
          },
          "sensitive_attributes": [],
          "identity_schema_version": 0,
          "private": "bnVsbA==",
          "dependencies": [
            "lxd_profile.fleet"
          ]
        },
        {
          "index_key": 1,
          "schema_version": 0,
          "attributes": {
            "config": {
              "user.user-data": "#cloud-config\ndisable_root: false\nssh_authorized_keys:\n  - ssh-ed25519 AAAAC3NzaC1lZDI1NTE5AAAAIN+gsGnVlOOJXtW6Wz87hc1CPhOz++T2lCoB6F3Eksbg jensyg@lxd-fleet\nwrite_files:\n  - path: /etc/ssh/sshd_config.d/00-lxd-root.conf\n    content: |\n      PermitRootLogin yes\n      PasswordAuthentication no\npackages:\n  - python3\n  - openssh-server\n  - tar\n  - wget\n  - curl\n  - unzip\n  - bind-utils\nruncmd:\n  - ssh-keygen -A\n  - systemctl enable --now sshd\n  - curl -sS -L https://github.com/prometheus/node_exporter/releases/download/v1.7.0/node_exporter-1.7.0.linux-amd64.tar.gz | tar -xz -C /tmp\n  - cp /tmp/node_exporter-1.7.0.linux-amd64/node_exporter /usr/local/bin/\n  - useradd -rs /bin/false node_exporter || true\n  - nohup /usr/local/bin/node_exporter \u003e /var/log/node_exporter.log 2\u003e\u00261 \u0026\n"
            },
            "device": [],
            "ephemeral": false,
            "file": [],
            "id": "server02",
            "image": "almalinux9-cloud",
            "ip_address": "10.45.223.16",
            "ipv4_address": "10.45.223.16",
            "ipv6_address": "fe80::216:3eff:fe51:3149",
            "limits": null,
            "mac_address": "00:16:3e:51:31:49",
            "name": "server02",
            "privileged": false,
            "profiles": [
              "fleet"
            ],
            "project": null,
            "remote": null,
            "start_on_create": true,
            "status": "Running",
            "target": "none",
            "type": "container",
            "wait_for_network": true
          },
          "sensitive_attributes": [],
          "identity_schema_version": 0,
          "private": "bnVsbA==",
          "dependencies": [
            "lxd_profile.fleet"
          ]
        },
        {
          "index_key": 2,
          "schema_version": 0,
          "attributes": {
            "config": {
              "user.user-data": "#cloud-config\ndisable_root: false\nssh_authorized_keys:\n  - ssh-ed25519 AAAAC3NzaC1lZDI1NTE5AAAAIN+gsGnVlOOJXtW6Wz87hc1CPhOz++T2lCoB6F3Eksbg jensyg@lxd-fleet\nwrite_files:\n  - path: /etc/ssh/sshd_config.d/00-lxd-root.conf\n    content: |\n      PermitRootLogin yes\n      PasswordAuthentication no\npackages:\n  - python3\n  - openssh-server\n  - tar\n  - wget\n  - curl\n  - unzip\n  - bind-utils\nruncmd:\n  - ssh-keygen -A\n  - systemctl enable --now sshd\n  - curl -sS -L https://github.com/prometheus/node_exporter/releases/download/v1.7.0/node_exporter-1.7.0.linux-amd64.tar.gz | tar -xz -C /tmp\n  - cp /tmp/node_exporter-1.7.0.linux-amd64/node_exporter /usr/local/bin/\n  - useradd -rs /bin/false node_exporter || true\n  - nohup /usr/local/bin/node_exporter \u003e /var/log/node_exporter.log 2\u003e\u00261 \u0026\n"
            },
            "device": [],
            "ephemeral": false,
            "file": [],
            "id": "server03",
            "image": "almalinux9-cloud",
            "ip_address": "10.45.223.52",
            "ipv4_address": "10.45.223.52",
            "ipv6_address": "fe80::216:3eff:fe35:b656",
            "limits": null,
            "mac_address": "00:16:3e:35:b6:56",
            "name": "server03",
            "privileged": false,
            "profiles": [
              "fleet"
            ],
            "project": null,
            "remote": null,
            "start_on_create": true,
            "status": "Running",
            "target": "none",
            "type": "container",
            "wait_for_network": true
          },
          "sensitive_attributes": [],
          "identity_schema_version": 0,
          "private": "bnVsbA==",
          "dependencies": [
            "lxd_profile.fleet"
          ]
        }
      ]
    },
    {
      "mode": "managed",
      "type": "lxd_profile",
      "name": "fleet",
      "provider": "provider[\"registry.terraform.io/terraform-lxd/lxd\"]",
      "instances": [
        {
          "schema_version": 0,
          "attributes": {
            "config": {
              "limits.cpu": "1",
              "limits.memory": "512MB",
              "security.privileged": "true"
            },
            "description": "",
            "device": [
              {
                "name": "eth0",
                "properties": {
                  "network": "lxdbr0"
                },
                "type": "nic"
              },
              {
                "name": "root",
                "properties": {
                  "path": "/",
                  "pool": "default"
                },
                "type": "disk"
              }
            ],
            "id": "fleet",
            "name": "fleet",
            "project": null,
            "remote": null
          },
          "sensitive_attributes": [],
          "identity_schema_version": 0,
          "private": "bnVsbA=="
        }
      ]
    },
    {
      "mode": "managed",
      "type": "null_resource",
      "name": "setup_fakecloud",
      "provider": "provider[\"registry.terraform.io/hashicorp/null\"]",
      "instances": [
        {
          "schema_version": 0,
          "attributes": {
            "id": "7855270523713587270",
            "triggers": null
          },
          "sensitive_attributes": [],
          "identity_schema_version": 0,
          "dependencies": [
            "lxd_instance.fakecloud",
            "lxd_profile.fleet",
            "null_resource.wait_fakecloud_cloud_init"
          ]
        }
      ]
    },
    {
      "mode": "managed",
      "type": "null_resource",
      "name": "setup_monitoring",
      "provider": "provider[\"registry.terraform.io/hashicorp/null\"]",
      "instances": [
        {
          "schema_version": 0,
          "attributes": {
            "id": "8664499057214899642",
            "triggers": null
          },
          "sensitive_attributes": [],
          "identity_schema_version": 0,
          "dependencies": [
            "lxd_instance.fakecloud",
            "lxd_instance.monitoring",
            "lxd_instance.server",
            "lxd_profile.fleet",
            "null_resource.wait_monitoring_cloud_init"
          ]
        }
      ]
    },
    {
      "mode": "managed",
      "type": "null_resource",
      "name": "wait_fakecloud_cloud_init",
      "provider": "provider[\"registry.terraform.io/hashicorp/null\"]",
      "instances": [
        {
          "schema_version": 0,
          "attributes": {
            "id": "1420355134755159915",
            "triggers": null
          },
          "sensitive_attributes": [],
          "identity_schema_version": 0,
          "dependencies": [
            "lxd_instance.fakecloud",
            "lxd_profile.fleet"
          ]
        }
      ]
    },
    {
      "mode": "managed",
      "type": "null_resource",
      "name": "wait_monitoring_cloud_init",
      "provider": "provider[\"registry.terraform.io/hashicorp/null\"]",
      "instances": [
        {
          "schema_version": 0,
          "attributes": {
            "id": "2791551552631835073",
            "triggers": null
          },
          "sensitive_attributes": [],
          "identity_schema_version": 0,
          "dependencies": [
            "lxd_instance.monitoring",
            "lxd_profile.fleet"
          ]
        }
      ]
    },
    {
      "mode": "managed",
      "type": "null_resource",
      "name": "wait_server_cloud_init",
      "provider": "provider[\"registry.terraform.io/hashicorp/null\"]",
      "instances": [
        {
          "index_key": 0,
          "schema_version": 0,
          "attributes": {
            "id": "6514194292770417923",
            "triggers": null
          },
          "sensitive_attributes": [],
          "identity_schema_version": 0,
          "dependencies": [
            "lxd_instance.server",
            "lxd_profile.fleet"
          ]
        },
        {
          "index_key": 1,
          "schema_version": 0,
          "attributes": {
            "id": "5743489790528075630",
            "triggers": null
          },
          "sensitive_attributes": [],
          "identity_schema_version": 0,
          "dependencies": [
            "lxd_instance.server",
            "lxd_profile.fleet"
          ]
        },
        {
          "index_key": 2,
          "schema_version": 0,
          "attributes": {
            "id": "3904874454920048080",
            "triggers": null
          },
          "sensitive_attributes": [],
          "identity_schema_version": 0,
          "dependencies": [
            "lxd_instance.server",
            "lxd_profile.fleet"
          ]
        }
      ]
    }
  ],
  "check_results": null
}
