{
  "version": 4,
  "terraform_version": "1.15.8",
  "serial": 40,
  "lineage": "416af47b-f365-f317-1572-6da5d3e923e1",
  "outputs": {},
  "resources": [
    {
      "mode": "managed",
      "type": "local_file",
      "name": "inventory",
      "provider": "provider[\"registry.terraform.io/hashicorp/local\"]",
      "instances": [
        {
          "schema_version": 0,
          "attributes": {
            "content": "[app_fleet]\nserver01 ansible_host=10.45.223.179 ansible_user=root ansible_ssh_private_key_file=~/.ssh/id_lxd_fleet\nserver02 ansible_host=10.45.223.66 ansible_user=root ansible_ssh_private_key_file=~/.ssh/id_lxd_fleet\nserver03 ansible_host=10.45.223.76 ansible_user=root ansible_ssh_private_key_file=~/.ssh/id_lxd_fleet\n\n[monitoring]\nmonitoring_node ansible_host=10.45.223.105 ansible_user=root ansible_ssh_private_key_file=~/.ssh/id_lxd_fleet\n\n[cloud]\nlocalhost ansible_connection=local\n\n[all:vars]\nansible_python_interpreter=/usr/bin/python3\n",
            "content_base64": null,
            "content_base64sha256": "31q+/5fbI63xKVXd7CsKeE9Sc87dCba+rdpvbMwBHIg=",
            "content_base64sha512": "yhgyberHXIBjfFsH5GhlQaIm9AR5sA3qasrgR0css85qp3Q0jnei+PvVXackUcVaK6/KJU6igcVTooon/NXPOA==",
            "content_md5": "3eba2f46e22b67567b660dbd0551fdac",
            "content_sha1": "ea56ed6b2fdf7c8b0fd01b23ac93ce39e22fd4d4",
            "content_sha256": "df5abeff97db23adf12955ddec2b0a784f5273cedd09b6beadda6f6ccc011c88",
            "content_sha512": "ca18326deac75c80637c5b07e4686541a226f40479b00dea6acae047472cb3ce6aa774348e77a2f8fbd55da72451c55a2bafca254ea281c553a28a27fcd5cf38",
            "directory_permission": "0777",
            "file_permission": "0777",
            "filename": "./inventory.ini",
            "id": "ea56ed6b2fdf7c8b0fd01b23ac93ce39e22fd4d4",
            "sensitive_content": null,
            "source": null
          },
          "sensitive_attributes": [
            [
              {
                "type": "get_attr",
                "value": "sensitive_content"
              }
            ]
          ],
          "identity_schema_version": 0,
          "dependencies": [
            "lxd_container.monitoring",
            "lxd_container.server",
            "lxd_profile.fleet"
          ]
        }
      ]
    },
    {
      "mode": "managed",
      "type": "lxd_container",
      "name": "monitoring",
      "provider": "provider[\"registry.terraform.io/terraform-lxd/lxd\"]",
      "instances": [
        {
          "schema_version": 0,
          "attributes": {
            "config": {
              "user.user-data": "#cloud-config\nssh_authorized_keys:\n  - ssh-ed25519 AAAAC3NzaC1lZDI1NTE5AAAAIN+gsGnVlOOJXtW6Wz87hc1CPhOz++T2lCoB6F3Eksbg jensyg@lxd-fleet\n\npackages:\n  - python3\n  - openssh-server\n  - wget\n  - tar\nruncmd:\n  - ssh-keygen -A\n  - systemctl enable --now sshd\n"
            },
            "device": [],
            "ephemeral": false,
            "file": [],
            "id": "monitoring",
            "image": "almalinux9",
            "ip_address": "10.45.223.105",
            "ipv4_address": "10.45.223.105",
            "ipv6_address": "fe80::216:3eff:fe85:d846",
            "limits": null,
            "mac_address": "00:16:3e:85:d8:46",
            "name": "monitoring",
            "privileged": false,
            "profiles": [
              "fleet"
            ],
            "project": null,
            "remote": null,
            "start_container": true,
            "status": "Running",
            "target": "none",
            "type": "container",
            "wait_for_network": true
          },
          "sensitive_attributes": [],
          "identity_schema_version": 0,
          "private": "bnVsbA==",
          "dependencies": [
            "lxd_profile.fleet"
          ]
        }
      ]
    },
    {
      "mode": "managed",
      "type": "lxd_container",
      "name": "server",
      "provider": "provider[\"registry.terraform.io/terraform-lxd/lxd\"]",
      "instances": [
        {
          "index_key": 0,
          "schema_version": 0,
          "attributes": {
            "config": {
              "user.user-data": "#cloud-config\nssh_authorized_keys:\n  - ssh-ed25519 AAAAC3NzaC1lZDI1NTE5AAAAIN+gsGnVlOOJXtW6Wz87hc1CPhOz++T2lCoB6F3Eksbg jensyg@lxd-fleet\n\npackages:\n  - python3\n  - openssh-server\n  - e2fsprogs\n  - tar\n  - wget\nruncmd:\n  - ssh-keygen -A\n  - sed -i 's/#PermitRootLogin prohibit-password/PermitRootLogin yes/' /etc/ssh/sshd_config\n  - sed -i 's/PermitRootLogin no/PermitRootLogin yes/' /etc/ssh/sshd_config\n  - systemctl enable --now sshd\n"
            },
            "device": [],
            "ephemeral": false,
            "file": [],
            "id": "server01",
            "image": "almalinux9",
            "ip_address": "10.45.223.179",
            "ipv4_address": "10.45.223.179",
            "ipv6_address": "fe80::216:3eff:feec:c30a",
            "limits": null,
            "mac_address": "00:16:3e:ec:c3:0a",
            "name": "server01",
            "privileged": false,
            "profiles": [
              "fleet"
            ],
            "project": null,
            "remote": null,
            "start_container": true,
            "status": "Running",
            "target": "none",
            "type": "container",
            "wait_for_network": true
          },
          "sensitive_attributes": [],
          "identity_schema_version": 0,
          "private": "bnVsbA==",
          "dependencies": [
            "lxd_profile.fleet"
          ]
        },
        {
          "index_key": 1,
          "schema_version": 0,
          "attributes": {
            "config": {
              "user.user-data": "#cloud-config\nssh_authorized_keys:\n  - ssh-ed25519 AAAAC3NzaC1lZDI1NTE5AAAAIN+gsGnVlOOJXtW6Wz87hc1CPhOz++T2lCoB6F3Eksbg jensyg@lxd-fleet\n\npackages:\n  - python3\n  - openssh-server\n  - e2fsprogs\n  - tar\n  - wget\nruncmd:\n  - ssh-keygen -A\n  - sed -i 's/#PermitRootLogin prohibit-password/PermitRootLogin yes/' /etc/ssh/sshd_config\n  - sed -i 's/PermitRootLogin no/PermitRootLogin yes/' /etc/ssh/sshd_config\n  - systemctl enable --now sshd\n"
            },
            "device": [],
            "ephemeral": false,
            "file": [],
            "id": "server02",
            "image": "almalinux9",
            "ip_address": "10.45.223.66",
            "ipv4_address": "10.45.223.66",
            "ipv6_address": "fe80::216:3eff:fe1b:792c",
            "limits": null,
            "mac_address": "00:16:3e:1b:79:2c",
            "name": "server02",
            "privileged": false,
            "profiles": [
              "fleet"
            ],
            "project": null,
            "remote": null,
            "start_container": true,
            "status": "Running",
            "target": "none",
            "type": "container",
            "wait_for_network": true
          },
          "sensitive_attributes": [],
          "identity_schema_version": 0,
          "private": "bnVsbA==",
          "dependencies": [
            "lxd_profile.fleet"
          ]
        },
        {
          "index_key": 2,
          "schema_version": 0,
          "attributes": {
            "config": {
              "user.user-data": "#cloud-config\nssh_authorized_keys:\n  - ssh-ed25519 AAAAC3NzaC1lZDI1NTE5AAAAIN+gsGnVlOOJXtW6Wz87hc1CPhOz++T2lCoB6F3Eksbg jensyg@lxd-fleet\n\npackages:\n  - python3\n  - openssh-server\n  - e2fsprogs\n  - tar\n  - wget\nruncmd:\n  - ssh-keygen -A\n  - sed -i 's/#PermitRootLogin prohibit-password/PermitRootLogin yes/' /etc/ssh/sshd_config\n  - sed -i 's/PermitRootLogin no/PermitRootLogin yes/' /etc/ssh/sshd_config\n  - systemctl enable --now sshd\n"
            },
            "device": [],
            "ephemeral": false,
            "file": [],
            "id": "server03",
            "image": "almalinux9",
            "ip_address": "10.45.223.76",
            "ipv4_address": "10.45.223.76",
            "ipv6_address": "fe80::216:3eff:fef3:8516",
            "limits": null,
            "mac_address": "00:16:3e:f3:85:16",
            "name": "server03",
            "privileged": false,
            "profiles": [
              "fleet"
            ],
            "project": null,
            "remote": null,
            "start_container": true,
            "status": "Running",
            "target": "none",
            "type": "container",
            "wait_for_network": true
          },
          "sensitive_attributes": [],
          "identity_schema_version": 0,
          "private": "bnVsbA==",
          "dependencies": [
            "lxd_profile.fleet"
          ]
        }
      ]
    },
    {
      "mode": "managed",
      "type": "lxd_profile",
      "name": "fleet",
      "provider": "provider[\"registry.terraform.io/terraform-lxd/lxd\"]",
      "instances": [
        {
          "schema_version": 0,
          "attributes": {
            "config": {
              "limits.cpu": "1",
              "limits.memory": "512MB",
              "security.privileged": "true"
            },
            "description": "",
            "device": [
              {
                "name": "eth0",
                "properties": {
                  "network": "lxdbr0"
                },
                "type": "nic"
              },
              {
                "name": "root",
                "properties": {
                  "path": "/",
                  "pool": "default"
                },
                "type": "disk"
              }
            ],
            "id": "fleet",
            "name": "fleet",
            "project": null,
            "remote": null
          },
          "sensitive_attributes": [],
          "identity_schema_version": 0,
          "private": "bnVsbA=="
        }
      ]
    }
  ],
  "check_results": null
}
