{
  "version": 4,
  "terraform_version": "1.15.8",
  "serial": 26,
  "lineage": "416af47b-f365-f317-1572-6da5d3e923e1",
  "outputs": {},
  "resources": [
    {
      "mode": "managed",
      "type": "local_file",
      "name": "inventory",
      "provider": "provider[\"registry.terraform.io/hashicorp/local\"]",
      "instances": [
        {
          "schema_version": 0,
          "attributes": {
            "content": "[app_fleet]\nserver01 ansible_host=10.45.223.114 ansible_user=root ansible_ssh_private_key_file=~/.ssh/id_lxd_fleet\nserver02 ansible_host=10.45.223.165 ansible_user=root ansible_ssh_private_key_file=~/.ssh/id_lxd_fleet\nserver03 ansible_host=10.45.223.233 ansible_user=root ansible_ssh_private_key_file=~/.ssh/id_lxd_fleet\n\n[monitoring]\nmonitoring_node ansible_host=10.45.223.136 ansible_user=root ansible_ssh_private_key_file=~/.ssh/id_lxd_fleet\n\n[cloud]\nlocalhost ansible_connection=local\n\n[all:vars]\nansible_python_interpreter=/usr/bin/python3\n",
            "content_base64": null,
            "content_base64sha256": "43+98ZaCX77lFQRspHkuFy3GRaTxPAjNYj/lKHBXSlQ=",
            "content_base64sha512": "gG7wo6GgTus5th/Z76n+2s0RJ186FeuClxVT7t+U9tTCcRcos/29Lj1uyj0aHdRKDk35iVJziho/5BO7nXUozw==",
            "content_md5": "85e4b171024773346ad99751ac99d87f",
            "content_sha1": "f253d6f6f2801e46dda3a1d135846ed6b3f5bb10",
            "content_sha256": "e37fbdf196825fbee515046ca4792e172dc645a4f13c08cd623fe52870574a54",
            "content_sha512": "806ef0a3a1a04eeb39b61fd9efa9fedacd11275f3a15eb82971553eedf94f6d4c2711728b3fdbd2e3d6eca3d1a1dd44a0e4df98952738a1a3fe413bb9d7528cf",
            "directory_permission": "0777",
            "file_permission": "0777",
            "filename": "./inventory.ini",
            "id": "f253d6f6f2801e46dda3a1d135846ed6b3f5bb10",
            "sensitive_content": null,
            "source": null
          },
          "sensitive_attributes": [
            [
              {
                "type": "get_attr",
                "value": "sensitive_content"
              }
            ]
          ],
          "identity_schema_version": 0,
          "dependencies": [
            "lxd_container.monitoring",
            "lxd_container.server",
            "lxd_profile.fleet"
          ]
        }
      ]
    },
    {
      "mode": "managed",
      "type": "lxd_container",
      "name": "monitoring",
      "provider": "provider[\"registry.terraform.io/terraform-lxd/lxd\"]",
      "instances": [
        {
          "schema_version": 0,
          "attributes": {
            "config": {
              "user.user-data": "#cloud-config\nssh_authorized_keys:\n  - ssh-ed25519 AAAAC3NzaC1lZDI1NTE5AAAAIN+gsGnVlOOJXtW6Wz87hc1CPhOz++T2lCoB6F3Eksbg jensyg@lxd-fleet\n\npackages:\n  - python3\n  - openssh-server\n  - wget\n  - tar\nruncmd:\n  - ssh-keygen -A\n  - systemctl enable --now sshd\n"
            },
            "device": [],
            "ephemeral": false,
            "file": [],
            "id": "monitoring",
            "image": "almalinux9",
            "ip_address": "10.45.223.136",
            "ipv4_address": "10.45.223.136",
            "ipv6_address": "fe80::216:3eff:fe9f:b9cb",
            "limits": {},
            "mac_address": "00:16:3e:9f:b9:cb",
            "name": "monitoring",
            "privileged": false,
            "profiles": [
              "fleet"
            ],
            "project": null,
            "remote": null,
            "start_container": true,
            "status": "Running",
            "target": "none",
            "type": "container",
            "wait_for_network": true
          },
          "sensitive_attributes": [],
          "identity_schema_version": 0,
          "private": "bnVsbA==",
          "dependencies": [
            "lxd_profile.fleet"
          ]
        }
      ]
    },
    {
      "mode": "managed",
      "type": "lxd_container",
      "name": "server",
      "provider": "provider[\"registry.terraform.io/terraform-lxd/lxd\"]",
      "instances": [
        {
          "index_key": 0,
          "schema_version": 0,
          "attributes": {
            "config": {
              "user.user-data": "#cloud-config\nssh_authorized_keys:\n  - ssh-ed25519 AAAAC3NzaC1lZDI1NTE5AAAAIN+gsGnVlOOJXtW6Wz87hc1CPhOz++T2lCoB6F3Eksbg jensyg@lxd-fleet\n\npackages:\n  - python3\n  - openssh-server\n  - e2fsprogs\n  - tar\n  - wget\nruncmd:\n  - ssh-keygen -A\n  - systemctl enable --now sshd\n  - sed -i 's/#PermitRootLogin prohibit-password/PermitRootLogin yes/' /etc/ssh/sshd_config\n  - sed -i 's/PermitRootLogin no/PermitRootLogin yes/' /etc/ssh/sshd_config\n  - systemctl restart sshd\n"
            },
            "device": [],
            "ephemeral": false,
            "file": [],
            "id": "server01",
            "image": "almalinux9",
            "ip_address": "10.45.223.114",
            "ipv4_address": "10.45.223.114",
            "ipv6_address": "fe80::216:3eff:feb0:81c1",
            "limits": {},
            "mac_address": "00:16:3e:b0:81:c1",
            "name": "server01",
            "privileged": false,
            "profiles": [
              "fleet"
            ],
            "project": null,
            "remote": null,
            "start_container": true,
            "status": "Running",
            "target": "none",
            "type": "container",
            "wait_for_network": true
          },
          "sensitive_attributes": [],
          "identity_schema_version": 0,
          "private": "bnVsbA==",
          "dependencies": [
            "lxd_profile.fleet"
          ]
        },
        {
          "index_key": 1,
          "schema_version": 0,
          "attributes": {
            "config": {
              "user.user-data": "#cloud-config\nssh_authorized_keys:\n  - ssh-ed25519 AAAAC3NzaC1lZDI1NTE5AAAAIN+gsGnVlOOJXtW6Wz87hc1CPhOz++T2lCoB6F3Eksbg jensyg@lxd-fleet\n\npackages:\n  - python3\n  - openssh-server\n  - e2fsprogs\n  - tar\n  - wget\nruncmd:\n  - ssh-keygen -A\n  - systemctl enable --now sshd\n  - sed -i 's/#PermitRootLogin prohibit-password/PermitRootLogin yes/' /etc/ssh/sshd_config\n  - sed -i 's/PermitRootLogin no/PermitRootLogin yes/' /etc/ssh/sshd_config\n  - systemctl restart sshd\n"
            },
            "device": [],
            "ephemeral": false,
            "file": [],
            "id": "server02",
            "image": "almalinux9",
            "ip_address": "10.45.223.165",
            "ipv4_address": "10.45.223.165",
            "ipv6_address": "fe80::216:3eff:fe5a:8895",
            "limits": {},
            "mac_address": "00:16:3e:5a:88:95",
            "name": "server02",
            "privileged": false,
            "profiles": [
              "fleet"
            ],
            "project": null,
            "remote": null,
            "start_container": true,
            "status": "Running",
            "target": "none",
            "type": "container",
            "wait_for_network": true
          },
          "sensitive_attributes": [],
          "identity_schema_version": 0,
          "private": "bnVsbA==",
          "dependencies": [
            "lxd_profile.fleet"
          ]
        },
        {
          "index_key": 2,
          "schema_version": 0,
          "attributes": {
            "config": {
              "user.user-data": "#cloud-config\nssh_authorized_keys:\n  - ssh-ed25519 AAAAC3NzaC1lZDI1NTE5AAAAIN+gsGnVlOOJXtW6Wz87hc1CPhOz++T2lCoB6F3Eksbg jensyg@lxd-fleet\n\npackages:\n  - python3\n  - openssh-server\n  - e2fsprogs\n  - tar\n  - wget\nruncmd:\n  - ssh-keygen -A\n  - systemctl enable --now sshd\n  - sed -i 's/#PermitRootLogin prohibit-password/PermitRootLogin yes/' /etc/ssh/sshd_config\n  - sed -i 's/PermitRootLogin no/PermitRootLogin yes/' /etc/ssh/sshd_config\n  - systemctl restart sshd\n"
            },
            "device": [],
            "ephemeral": false,
            "file": [],
            "id": "server03",
            "image": "almalinux9",
            "ip_address": "10.45.223.233",
            "ipv4_address": "10.45.223.233",
            "ipv6_address": "fe80::216:3eff:fe84:e7ad",
            "limits": {},
            "mac_address": "00:16:3e:84:e7:ad",
            "name": "server03",
            "privileged": false,
            "profiles": [
              "fleet"
            ],
            "project": null,
            "remote": null,
            "start_container": true,
            "status": "Running",
            "target": "none",
            "type": "container",
            "wait_for_network": true
          },
          "sensitive_attributes": [],
          "identity_schema_version": 0,
          "private": "bnVsbA==",
          "dependencies": [
            "lxd_profile.fleet"
          ]
        }
      ]
    },
    {
      "mode": "managed",
      "type": "lxd_profile",
      "name": "fleet",
      "provider": "provider[\"registry.terraform.io/terraform-lxd/lxd\"]",
      "instances": [
        {
          "schema_version": 0,
          "attributes": {
            "config": {
              "limits.cpu": "1",
              "limits.memory": "512MB",
              "security.privileged": "true"
            },
            "description": "",
            "device": [
              {
                "name": "eth0",
                "properties": {
                  "network": "lxdbr0"
                },
                "type": "nic"
              },
              {
                "name": "root",
                "properties": {
                  "path": "/",
                  "pool": "default"
                },
                "type": "disk"
              }
            ],
            "id": "fleet",
            "name": "fleet",
            "project": null,
            "remote": null
          },
          "sensitive_attributes": [],
          "identity_schema_version": 0,
          "private": "bnVsbA=="
        }
      ]
    }
  ],
  "check_results": null
}
