{
  "version": 4,
  "terraform_version": "1.15.8",
  "serial": 138,
  "lineage": "416af47b-f365-f317-1572-6da5d3e923e1",
  "outputs": {},
  "resources": [
    {
      "mode": "managed",
      "type": "local_file",
      "name": "inventory",
      "provider": "provider[\"registry.terraform.io/hashicorp/local\"]",
      "instances": [
        {
          "schema_version": 0,
          "attributes": {
            "content": "[app_fleet]\nserver01 ansible_host=10.45.223.235 ansible_user=root ansible_ssh_private_key_file=~/.ssh/id_lxd_fleet\nserver02 ansible_host=10.45.223.75 ansible_user=root ansible_ssh_private_key_file=~/.ssh/id_lxd_fleet\nserver03 ansible_host=10.45.223.108 ansible_user=root ansible_ssh_private_key_file=~/.ssh/id_lxd_fleet\n\n[cloud]\nfakecloud ansible_host=10.45.223.186 ansible_user=root ansible_ssh_private_key_file=~/.ssh/id_lxd_fleet\nmonitoring_node ansible_host=10.45.223.104 ansible_user=root ansible_ssh_private_key_file=~/.ssh/id_lxd_fleet\n\n[local]\nlocalhost ansible_connection=local\n\n[all:vars]\nansible_python_interpreter=/usr/bin/python3\n",
            "content_base64": null,
            "content_base64sha256": "mlbLV3rq1TjwcJ/PAa3VCQbEvpiAgKAdI0JJ7DlVMG0=",
            "content_base64sha512": "aF7fAYxW/ZGP9LT5VbrVbd7sskDmq2frBZXb4M4SMJEv1h8fh7/ibmqV8T8WN4eL2H7HddUQHe7yq4TcMkvUdg==",
            "content_md5": "c92696bbbe9b84a9ebb1be67cfbfdf04",
            "content_sha1": "51a6020e8edb0e8e12be7b49ad8cf72e3c055ad8",
            "content_sha256": "9a56cb577aead538f0709fcf01add50906c4be988080a01d234249ec3955306d",
            "content_sha512": "685edf018c56fd918ff4b4f955bad56ddeecb240e6ab67eb0595dbe0ce1230912fd61f1f87bfe26e6a95f13f1637878bd87ec775d5101deef2ab84dc324bd476",
            "directory_permission": "0777",
            "file_permission": "0777",
            "filename": "./inventory.ini",
            "id": "51a6020e8edb0e8e12be7b49ad8cf72e3c055ad8",
            "sensitive_content": null,
            "source": null
          },
          "sensitive_attributes": [
            [
              {
                "type": "get_attr",
                "value": "sensitive_content"
              }
            ]
          ],
          "identity_schema_version": 0,
          "dependencies": [
            "lxd_instance.fakecloud",
            "lxd_instance.monitoring",
            "lxd_instance.server",
            "lxd_profile.fleet",
            "null_resource.setup_fakecloud",
            "null_resource.setup_monitoring",
            "null_resource.wait_fakecloud_cloud_init",
            "null_resource.wait_monitoring_cloud_init",
            "null_resource.wait_server_cloud_init"
          ]
        }
      ]
    },
    {
      "mode": "managed",
      "type": "lxd_instance",
      "name": "fakecloud",
      "provider": "provider[\"registry.terraform.io/terraform-lxd/lxd\"]",
      "instances": [
        {
          "schema_version": 0,
          "attributes": {
            "config": {
              "user.user-data": "#cloud-config\ndisable_root: false\nssh_authorized_keys:\n  - ssh-ed25519 AAAAC3NzaC1lZDI1NTE5AAAAIN+gsGnVlOOJXtW6Wz87hc1CPhOz++T2lCoB6F3Eksbg jensyg@lxd-fleet\nwrite_files:\n  - path: /etc/ssh/sshd_config.d/00-lxd-root.conf\n    content: |\n      PermitRootLogin yes\n      PasswordAuthentication no\n  - path: /root/.aws/credentials\n    owner: root:root\n    permissions: '0600'\n    content: |\n      [default]\n      aws_access_key_id = test\n      aws_secret_access_key = test\n  - path: /root/.aws/config\n    owner: root:root\n    permissions: '0600'\n    content: |\n      [default]\n      region = us-east-1\npackages:\n  - python3\n  - openssh-server\n  - tar\n  - wget\n  - curl\n  - unzip\n  - bind-utils\n  - awscli\nruncmd:\n  - ssh-keygen -A\n  - systemctl enable --now sshd\n"
            },
            "device": [],
            "ephemeral": false,
            "file": [],
            "id": "fakecloud",
            "image": "almalinux9-cloud",
            "ip_address": "10.45.223.186",
            "ipv4_address": "10.45.223.186",
            "ipv6_address": "fe80::216:3eff:fef4:9a2",
            "limits": null,
            "mac_address": "00:16:3e:f4:09:a2",
            "name": "fakecloud",
            "privileged": false,
            "profiles": [
              "fleet"
            ],
            "project": null,
            "remote": null,
            "start_on_create": true,
            "status": "Running",
            "target": "none",
            "type": "container",
            "wait_for_network": true
          },
          "sensitive_attributes": [],
          "identity_schema_version": 0,
          "private": "bnVsbA==",
          "dependencies": [
            "lxd_profile.fleet"
          ]
        }
      ]
    },
    {
      "mode": "managed",
      "type": "lxd_instance",
      "name": "monitoring",
      "provider": "provider[\"registry.terraform.io/terraform-lxd/lxd\"]",
      "instances": [
        {
          "schema_version": 0,
          "attributes": {
            "config": {
              "user.user-data": "#cloud-config\ndisable_root: false\nssh_authorized_keys:\n  - ssh-ed25519 AAAAC3NzaC1lZDI1NTE5AAAAIN+gsGnVlOOJXtW6Wz87hc1CPhOz++T2lCoB6F3Eksbg jensyg@lxd-fleet\nwrite_files:\n  - path: /etc/ssh/sshd_config.d/00-lxd-root.conf\n    content: |\n      PermitRootLogin yes\n      PasswordAuthentication no\npackages:\n  - python3\n  - openssh-server\n  - tar\n  - wget\n  - curl\n  - unzip\n  - bind-utils\nruncmd:\n  - ssh-keygen -A\n  - systemctl enable --now sshd\n"
            },
            "device": [],
            "ephemeral": false,
            "file": [],
            "id": "monitoring",
            "image": "almalinux9-cloud",
            "ip_address": "10.45.223.104",
            "ipv4_address": "10.45.223.104",
            "ipv6_address": "fe80::216:3eff:fe07:ba39",
            "limits": null,
            "mac_address": "00:16:3e:07:ba:39",
            "name": "monitoring",
            "privileged": false,
            "profiles": [
              "fleet"
            ],
            "project": null,
            "remote": null,
            "start_on_create": true,
            "status": "Running",
            "target": "none",
            "type": "container",
            "wait_for_network": true
          },
          "sensitive_attributes": [],
          "identity_schema_version": 0,
          "private": "bnVsbA==",
          "dependencies": [
            "lxd_profile.fleet"
          ]
        }
      ]
    },
    {
      "mode": "managed",
      "type": "lxd_instance",
      "name": "server",
      "provider": "provider[\"registry.terraform.io/terraform-lxd/lxd\"]",
      "instances": [
        {
          "index_key": 0,
          "schema_version": 0,
          "attributes": {
            "config": {
              "user.user-data": "#cloud-config\ndisable_root: false\nssh_authorized_keys:\n  - ssh-ed25519 AAAAC3NzaC1lZDI1NTE5AAAAIN+gsGnVlOOJXtW6Wz87hc1CPhOz++T2lCoB6F3Eksbg jensyg@lxd-fleet\nwrite_files:\n  - path: /etc/ssh/sshd_config.d/00-lxd-root.conf\n    content: |\n      PermitRootLogin yes\n      PasswordAuthentication no\n  - path: /root/.aws/credentials\n    owner: root:root\n    permissions: '0600'\n    content: |\n      [default]\n      aws_access_key_id = test\n      aws_secret_access_key = test\n  - path: /root/.aws/config\n    owner: root:root\n    permissions: '0600'\n    content: |\n      [default]\n      region = us-east-1\npackages:\n  - python3\n  - openssh-server\n  - tar\n  - wget\n  - curl\n  - unzip\n  - bind-utils\n  - awscli\nruncmd:\n  - ssh-keygen -A\n  - systemctl enable --now sshd\n  - curl -sS -L https://github.com/prometheus/node_exporter/releases/download/v1.7.0/node_exporter-1.7.0.linux-amd64.tar.gz | tar -xz -C /tmp\n  - cp /tmp/node_exporter-1.7.0.linux-amd64/node_exporter /usr/local/bin/\n  - useradd -rs /bin/false node_exporter || true\n  - nohup /usr/local/bin/node_exporter \u003e /var/log/node_exporter.log 2\u003e\u00261 \u0026\n"
            },
            "device": [],
            "ephemeral": false,
            "file": [],
            "id": "server01",
            "image": "almalinux9-cloud",
            "ip_address": "10.45.223.235",
            "ipv4_address": "10.45.223.235",
            "ipv6_address": "fe80::216:3eff:fe96:d1e2",
            "limits": null,
            "mac_address": "00:16:3e:96:d1:e2",
            "name": "server01",
            "privileged": false,
            "profiles": [
              "fleet"
            ],
            "project": null,
            "remote": null,
            "start_on_create": true,
            "status": "Running",
            "target": "none",
            "type": "container",
            "wait_for_network": true
          },
          "sensitive_attributes": [],
          "identity_schema_version": 0,
          "private": "bnVsbA==",
          "dependencies": [
            "lxd_profile.fleet"
          ]
        },
        {
          "index_key": 1,
          "schema_version": 0,
          "attributes": {
            "config": {
              "user.user-data": "#cloud-config\ndisable_root: false\nssh_authorized_keys:\n  - ssh-ed25519 AAAAC3NzaC1lZDI1NTE5AAAAIN+gsGnVlOOJXtW6Wz87hc1CPhOz++T2lCoB6F3Eksbg jensyg@lxd-fleet\nwrite_files:\n  - path: /etc/ssh/sshd_config.d/00-lxd-root.conf\n    content: |\n      PermitRootLogin yes\n      PasswordAuthentication no\n  - path: /root/.aws/credentials\n    owner: root:root\n    permissions: '0600'\n    content: |\n      [default]\n      aws_access_key_id = test\n      aws_secret_access_key = test\n  - path: /root/.aws/config\n    owner: root:root\n    permissions: '0600'\n    content: |\n      [default]\n      region = us-east-1\npackages:\n  - python3\n  - openssh-server\n  - tar\n  - wget\n  - curl\n  - unzip\n  - bind-utils\n  - awscli\nruncmd:\n  - ssh-keygen -A\n  - systemctl enable --now sshd\n  - curl -sS -L https://github.com/prometheus/node_exporter/releases/download/v1.7.0/node_exporter-1.7.0.linux-amd64.tar.gz | tar -xz -C /tmp\n  - cp /tmp/node_exporter-1.7.0.linux-amd64/node_exporter /usr/local/bin/\n  - useradd -rs /bin/false node_exporter || true\n  - nohup /usr/local/bin/node_exporter \u003e /var/log/node_exporter.log 2\u003e\u00261 \u0026\n"
            },
            "device": [],
            "ephemeral": false,
            "file": [],
            "id": "server02",
            "image": "almalinux9-cloud",
            "ip_address": "10.45.223.75",
            "ipv4_address": "10.45.223.75",
            "ipv6_address": "fe80::216:3eff:fea2:ec88",
            "limits": null,
            "mac_address": "00:16:3e:a2:ec:88",
            "name": "server02",
            "privileged": false,
            "profiles": [
              "fleet"
            ],
            "project": null,
            "remote": null,
            "start_on_create": true,
            "status": "Running",
            "target": "none",
            "type": "container",
            "wait_for_network": true
          },
          "sensitive_attributes": [],
          "identity_schema_version": 0,
          "private": "bnVsbA==",
          "dependencies": [
            "lxd_profile.fleet"
          ]
        },
        {
          "index_key": 2,
          "schema_version": 0,
          "attributes": {
            "config": {
              "user.user-data": "#cloud-config\ndisable_root: false\nssh_authorized_keys:\n  - ssh-ed25519 AAAAC3NzaC1lZDI1NTE5AAAAIN+gsGnVlOOJXtW6Wz87hc1CPhOz++T2lCoB6F3Eksbg jensyg@lxd-fleet\nwrite_files:\n  - path: /etc/ssh/sshd_config.d/00-lxd-root.conf\n    content: |\n      PermitRootLogin yes\n      PasswordAuthentication no\n  - path: /root/.aws/credentials\n    owner: root:root\n    permissions: '0600'\n    content: |\n      [default]\n      aws_access_key_id = test\n      aws_secret_access_key = test\n  - path: /root/.aws/config\n    owner: root:root\n    permissions: '0600'\n    content: |\n      [default]\n      region = us-east-1\npackages:\n  - python3\n  - openssh-server\n  - tar\n  - wget\n  - curl\n  - unzip\n  - bind-utils\n  - awscli\nruncmd:\n  - ssh-keygen -A\n  - systemctl enable --now sshd\n  - curl -sS -L https://github.com/prometheus/node_exporter/releases/download/v1.7.0/node_exporter-1.7.0.linux-amd64.tar.gz | tar -xz -C /tmp\n  - cp /tmp/node_exporter-1.7.0.linux-amd64/node_exporter /usr/local/bin/\n  - useradd -rs /bin/false node_exporter || true\n  - nohup /usr/local/bin/node_exporter \u003e /var/log/node_exporter.log 2\u003e\u00261 \u0026\n"
            },
            "device": [],
            "ephemeral": false,
            "file": [],
            "id": "server03",
            "image": "almalinux9-cloud",
            "ip_address": "10.45.223.108",
            "ipv4_address": "10.45.223.108",
            "ipv6_address": "fe80::216:3eff:fe20:c692",
            "limits": null,
            "mac_address": "00:16:3e:20:c6:92",
            "name": "server03",
            "privileged": false,
            "profiles": [
              "fleet"
            ],
            "project": null,
            "remote": null,
            "start_on_create": true,
            "status": "Running",
            "target": "none",
            "type": "container",
            "wait_for_network": true
          },
          "sensitive_attributes": [],
          "identity_schema_version": 0,
          "private": "bnVsbA==",
          "dependencies": [
            "lxd_profile.fleet"
          ]
        }
      ]
    },
    {
      "mode": "managed",
      "type": "lxd_profile",
      "name": "fleet",
      "provider": "provider[\"registry.terraform.io/terraform-lxd/lxd\"]",
      "instances": [
        {
          "schema_version": 0,
          "attributes": {
            "config": {
              "limits.cpu": "1",
              "limits.memory": "512MB",
              "security.privileged": "true"
            },
            "description": "",
            "device": [
              {
                "name": "eth0",
                "properties": {
                  "network": "lxdbr0"
                },
                "type": "nic"
              },
              {
                "name": "root",
                "properties": {
                  "path": "/",
                  "pool": "default"
                },
                "type": "disk"
              }
            ],
            "id": "fleet",
            "name": "fleet",
            "project": null,
            "remote": null
          },
          "sensitive_attributes": [],
          "identity_schema_version": 0,
          "private": "bnVsbA=="
        }
      ]
    },
    {
      "mode": "managed",
      "type": "null_resource",
      "name": "setup_fakecloud",
      "provider": "provider[\"registry.terraform.io/hashicorp/null\"]",
      "instances": [
        {
          "schema_version": 0,
          "attributes": {
            "id": "1340118085077637461",
            "triggers": null
          },
          "sensitive_attributes": [],
          "identity_schema_version": 0,
          "dependencies": [
            "lxd_instance.fakecloud",
            "lxd_profile.fleet",
            "null_resource.wait_fakecloud_cloud_init"
          ]
        }
      ]
    },
    {
      "mode": "managed",
      "type": "null_resource",
      "name": "setup_monitoring",
      "provider": "provider[\"registry.terraform.io/hashicorp/null\"]",
      "instances": [
        {
          "schema_version": 0,
          "attributes": {
            "id": "8493689017560595287",
            "triggers": null
          },
          "sensitive_attributes": [],
          "identity_schema_version": 0,
          "dependencies": [
            "lxd_instance.monitoring",
            "lxd_instance.server",
            "lxd_profile.fleet",
            "null_resource.wait_monitoring_cloud_init"
          ]
        }
      ]
    },
    {
      "mode": "managed",
      "type": "null_resource",
      "name": "wait_fakecloud_cloud_init",
      "provider": "provider[\"registry.terraform.io/hashicorp/null\"]",
      "instances": [
        {
          "schema_version": 0,
          "attributes": {
            "id": "3791961783763122862",
            "triggers": null
          },
          "sensitive_attributes": [],
          "identity_schema_version": 0,
          "dependencies": [
            "lxd_instance.fakecloud",
            "lxd_profile.fleet"
          ]
        }
      ]
    },
    {
      "mode": "managed",
      "type": "null_resource",
      "name": "wait_monitoring_cloud_init",
      "provider": "provider[\"registry.terraform.io/hashicorp/null\"]",
      "instances": [
        {
          "schema_version": 0,
          "attributes": {
            "id": "5375851877617346542",
            "triggers": null
          },
          "sensitive_attributes": [],
          "identity_schema_version": 0,
          "dependencies": [
            "lxd_instance.monitoring",
            "lxd_profile.fleet"
          ]
        }
      ]
    },
    {
      "mode": "managed",
      "type": "null_resource",
      "name": "wait_server_cloud_init",
      "provider": "provider[\"registry.terraform.io/hashicorp/null\"]",
      "instances": [
        {
          "index_key": 0,
          "schema_version": 0,
          "attributes": {
            "id": "5392973720349811641",
            "triggers": null
          },
          "sensitive_attributes": [],
          "identity_schema_version": 0,
          "dependencies": [
            "lxd_instance.server",
            "lxd_profile.fleet"
          ]
        },
        {
          "index_key": 1,
          "schema_version": 0,
          "attributes": {
            "id": "963312542484246161",
            "triggers": null
          },
          "sensitive_attributes": [],
          "identity_schema_version": 0,
          "dependencies": [
            "lxd_instance.server",
            "lxd_profile.fleet"
          ]
        },
        {
          "index_key": 2,
          "schema_version": 0,
          "attributes": {
            "id": "1159320556896320455",
            "triggers": null
          },
          "sensitive_attributes": [],
          "identity_schema_version": 0,
          "dependencies": [
            "lxd_instance.server",
            "lxd_profile.fleet"
          ]
        }
      ]
    }
  ],
  "check_results": null
}
